// !$*UTF8*$!
{
	archiveVersion = 1;
	classes = {
	};
	objectVersion = 46;
	objects = {

/* Begin PBXBuildFile section */
		440D3C0316FAF7AC00535AC4 /* MaskView.m in Sources */ = {isa = PBXBuildFile; fileRef = 440D3C0216FAF7AC00535AC4 /* MaskView.m */; };
		441B237D16FC3180009FAEA7 /* centerImage@2x.png in Resources */ = {isa = PBXBuildFile; fileRef = 441B237C16FC3180009FAEA7 /* centerImage@2x.png */; };
		441B238616FC41C2009FAEA7 /* bottomLeft_h@2x.png in Resources */ = {isa = PBXBuildFile; fileRef = 441B237E16FC41C2009FAEA7 /* bottomLeft_h@2x.png */; };
		441B238716FC41C2009FAEA7 /* bottomLeft_n@2x.png in Resources */ = {isa = PBXBuildFile; fileRef = 441B237F16FC41C2009FAEA7 /* bottomLeft_n@2x.png */; };
		441B238816FC41C2009FAEA7 /* bottomRight_h@2x.png in Resources */ = {isa = PBXBuildFile; fileRef = 441B238016FC41C2009FAEA7 /* bottomRight_h@2x.png */; };
		441B238916FC41C2009FAEA7 /* bottomRight_n@2x.png in Resources */ = {isa = PBXBuildFile; fileRef = 441B238116FC41C2009FAEA7 /* bottomRight_n@2x.png */; };
		441B238A16FC41C2009FAEA7 /* topLeft_h@2x.png in Resources */ = {isa = PBXBuildFile; fileRef = 441B238216FC41C2009FAEA7 /* topLeft_h@2x.png */; };
		441B238B16FC41C2009FAEA7 /* topLeft_n@2x.png in Resources */ = {isa = PBXBuildFile; fileRef = 441B238316FC41C2009FAEA7 /* topLeft_n@2x.png */; };
		441B238C16FC41C2009FAEA7 /* topRight_h@2x.png in Resources */ = {isa = PBXBuildFile; fileRef = 441B238416FC41C2009FAEA7 /* topRight_h@2x.png */; };
		441B238D16FC41C2009FAEA7 /* topRight_n@2x.png in Resources */ = {isa = PBXBuildFile; fileRef = 441B238516FC41C2009FAEA7 /* topRight_n@2x.png */; };
		443C81FE16F6A56800DE5D85 /* UIKit.framework in Frameworks */ = {isa = PBXBuildFile; fileRef = 443C81FD16F6A56800DE5D85 /* UIKit.framework */; };
		443C820016F6A56800DE5D85 /* Foundation.framework in Frameworks */ = {isa = PBXBuildFile; fileRef = 443C81FF16F6A56800DE5D85 /* Foundation.framework */; };
		443C820216F6A56800DE5D85 /* CoreGraphics.framework in Frameworks */ = {isa = PBXBuildFile; fileRef = 443C820116F6A56800DE5D85 /* CoreGraphics.framework */; };
		443C820816F6A56800DE5D85 /* InfoPlist.strings in Resources */ = {isa = PBXBuildFile; fileRef = 443C820616F6A56800DE5D85 /* InfoPlist.strings */; };
		443C820A16F6A56800DE5D85 /* main.m in Sources */ = {isa = PBXBuildFile; fileRef = 443C820916F6A56800DE5D85 /* main.m */; };
		443C820E16F6A56800DE5D85 /* AppDelegate.m in Sources */ = {isa = PBXBuildFile; fileRef = 443C820D16F6A56800DE5D85 /* AppDelegate.m */; };
		443C821016F6A56800DE5D85 /* Default.png in Resources */ = {isa = PBXBuildFile; fileRef = 443C820F16F6A56800DE5D85 /* Default.png */; };
		443C821216F6A56800DE5D85 /* Default@2x.png in Resources */ = {isa = PBXBuildFile; fileRef = 443C821116F6A56800DE5D85 /* Default@2x.png */; };
		443C821416F6A56800DE5D85 /* Default-568h@2x.png in Resources */ = {isa = PBXBuildFile; fileRef = 443C821316F6A56800DE5D85 /* Default-568h@2x.png */; };
		443C821C16F6A56900DE5D85 /* SenTestingKit.framework in Frameworks */ = {isa = PBXBuildFile; fileRef = 443C821B16F6A56900DE5D85 /* SenTestingKit.framework */; };
		443C821D16F6A56900DE5D85 /* UIKit.framework in Frameworks */ = {isa = PBXBuildFile; fileRef = 443C81FD16F6A56800DE5D85 /* UIKit.framework */; };
		443C821E16F6A56900DE5D85 /* Foundation.framework in Frameworks */ = {isa = PBXBuildFile; fileRef = 443C81FF16F6A56800DE5D85 /* Foundation.framework */; };
		443C822616F6A56900DE5D85 /* InfoPlist.strings in Resources */ = {isa = PBXBuildFile; fileRef = 443C822416F6A56900DE5D85 /* InfoPlist.strings */; };
		443C822916F6A56900DE5D85 /* _quareMenuTests.m in Sources */ = {isa = PBXBuildFile; fileRef = 443C822816F6A56900DE5D85 /* _quareMenuTests.m */; };
		443C823516F6A62E00DE5D85 /* view1ViewController.m in Sources */ = {isa = PBXBuildFile; fileRef = 443C823316F6A62E00DE5D85 /* view1ViewController.m */; };
		443C823616F6A62E00DE5D85 /* view1ViewController.xib in Resources */ = {isa = PBXBuildFile; fileRef = 443C823416F6A62E00DE5D85 /* view1ViewController.xib */; };
		443C823A16F6A66000DE5D85 /* view2ViewController.m in Sources */ = {isa = PBXBuildFile; fileRef = 443C823816F6A66000DE5D85 /* view2ViewController.m */; };
		443C823B16F6A66000DE5D85 /* view2ViewController.xib in Resources */ = {isa = PBXBuildFile; fileRef = 443C823916F6A66000DE5D85 /* view2ViewController.xib */; };
		443C823F16F6A67F00DE5D85 /* view3ViewController.m in Sources */ = {isa = PBXBuildFile; fileRef = 443C823D16F6A67F00DE5D85 /* view3ViewController.m */; };
		443C824016F6A67F00DE5D85 /* view3ViewController.xib in Resources */ = {isa = PBXBuildFile; fileRef = 443C823E16F6A67F00DE5D85 /* view3ViewController.xib */; };
		443C824416F6A69900DE5D85 /* view4ViewController.m in Sources */ = {isa = PBXBuildFile; fileRef = 443C824216F6A69900DE5D85 /* view4ViewController.m */; };
		443C824516F6A69900DE5D85 /* view4ViewController.xib in Resources */ = {isa = PBXBuildFile; fileRef = 443C824316F6A69900DE5D85 /* view4ViewController.xib */; };
		443C824816F6A6E000DE5D85 /* Quare4MenuViewController.m in Sources */ = {isa = PBXBuildFile; fileRef = 443C824716F6A6E000DE5D85 /* Quare4MenuViewController.m */; };
		4461C2E016F8436700196347 /* QuartzCore.framework in Frameworks */ = {isa = PBXBuildFile; fileRef = 4461C2DF16F8436700196347 /* QuartzCore.framework */; };
		8594054918C86C4B004681B2 /* topCenter_n@2x.png in Resources */ = {isa = PBXBuildFile; fileRef = 8594054718C86C4B004681B2 /* topCenter_n@2x.png */; };
		8594054A18C86C4B004681B2 /* topCenter_h@2x.png in Resources */ = {isa = PBXBuildFile; fileRef = 8594054818C86C4B004681B2 /* topCenter_h@2x.png */; };
		8594054C18C88CF3004681B2 /* bedazzleStar.png in Resources */ = {isa = PBXBuildFile; fileRef = 8594054B18C88CF3004681B2 /* bedazzleStar.png */; };
		85F44BDD18DB24C800AB6846 /* ASIAuthenticationDialog.m in Sources */ = {isa = PBXBuildFile; fileRef = 85F44BAD18DB24C800AB6846 /* ASIAuthenticationDialog.m */; settings = {COMPILER_FLAGS = "-fno-objc-arc"; }; };
		85F44BDE18DB24C800AB6846 /* ASIDataCompressor.m in Sources */ = {isa = PBXBuildFile; fileRef = 85F44BB018DB24C800AB6846 /* ASIDataCompressor.m */; settings = {COMPILER_FLAGS = "-fno-objc-arc"; }; };
		85F44BDF18DB24C800AB6846 /* ASIDataDecompressor.m in Sources */ = {isa = PBXBuildFile; fileRef = 85F44BB218DB24C800AB6846 /* ASIDataDecompressor.m */; settings = {COMPILER_FLAGS = "-fno-objc-arc"; }; };
		85F44BE018DB24C800AB6846 /* ASIDownloadCache.m in Sources */ = {isa = PBXBuildFile; fileRef = 85F44BB418DB24C800AB6846 /* ASIDownloadCache.m */; settings = {COMPILER_FLAGS = "-fno-objc-arc"; }; };
		85F44BE118DB24C800AB6846 /* ASIFormDataRequest.m in Sources */ = {isa = PBXBuildFile; fileRef = 85F44BB618DB24C800AB6846 /* ASIFormDataRequest.m */; settings = {COMPILER_FLAGS = "-fno-objc-arc"; }; };
		85F44BE218DB24C800AB6846 /* ASIHTTPRequest.m in Sources */ = {isa = PBXBuildFile; fileRef = 85F44BB818DB24C800AB6846 /* ASIHTTPRequest.m */; settings = {COMPILER_FLAGS = "-fno-objc-arc"; }; };
		85F44BE318DB24C800AB6846 /* ASIInputStream.m in Sources */ = {isa = PBXBuildFile; fileRef = 85F44BBC18DB24C800AB6846 /* ASIInputStream.m */; settings = {COMPILER_FLAGS = "-fno-objc-arc"; }; };
		85F44BE418DB24C800AB6846 /* ASINetworkQueue.m in Sources */ = {isa = PBXBuildFile; fileRef = 85F44BBE18DB24C800AB6846 /* ASINetworkQueue.m */; settings = {COMPILER_FLAGS = "-fno-objc-arc"; }; };
		85F44BE518DB24C800AB6846 /* NSObject+SBJSON.m in Sources */ = {isa = PBXBuildFile; fileRef = 85F44BC318DB24C800AB6846 /* NSObject+SBJSON.m */; settings = {COMPILER_FLAGS = "-fno-objc-arc"; }; };
		85F44BE618DB24C800AB6846 /* NSString+SBJSON.m in Sources */ = {isa = PBXBuildFile; fileRef = 85F44BC518DB24C800AB6846 /* NSString+SBJSON.m */; };
		85F44BE718DB24C800AB6846 /* SBJsonBase.m in Sources */ = {isa = PBXBuildFile; fileRef = 85F44BC718DB24C800AB6846 /* SBJsonBase.m */; settings = {COMPILER_FLAGS = "-fno-objc-arc"; }; };
		85F44BE818DB24C800AB6846 /* SBJsonParser.m in Sources */ = {isa = PBXBuildFile; fileRef = 85F44BC918DB24C800AB6846 /* SBJsonParser.m */; settings = {COMPILER_FLAGS = "-fno-objc-arc"; }; };
		85F44BE918DB24C800AB6846 /* SBJsonWriter.m in Sources */ = {isa = PBXBuildFile; fileRef = 85F44BCB18DB24C800AB6846 /* SBJsonWriter.m */; settings = {COMPILER_FLAGS = "-fno-objc-arc"; }; };
		85F44BEA18DB24C800AB6846 /* Reachability.m in Sources */ = {isa = PBXBuildFile; fileRef = 85F44BCE18DB24C800AB6846 /* Reachability.m */; settings = {COMPILER_FLAGS = "-fno-objc-arc"; }; };
		85F44BEB18DB24C800AB6846 /* GlobalObject.m in Sources */ = {isa = PBXBuildFile; fileRef = 85F44BD218DB24C800AB6846 /* GlobalObject.m */; };
		85F44BEC18DB24C800AB6846 /* NetworkActivityIndicator.m in Sources */ = {isa = PBXBuildFile; fileRef = 85F44BD418DB24C800AB6846 /* NetworkActivityIndicator.m */; };
		85F44BED18DB24C800AB6846 /* ServiceManager.m in Sources */ = {isa = PBXBuildFile; fileRef = 85F44BD618DB24C800AB6846 /* ServiceManager.m */; };
		85F44BEE18DB24C800AB6846 /* SVProgressHUD.bundle in Resources */ = {isa = PBXBuildFile; fileRef = 85F44BD818DB24C800AB6846 /* SVProgressHUD.bundle */; };
		85F44BEF18DB24C800AB6846 /* SVProgressHUD.m in Sources */ = {isa = PBXBuildFile; fileRef = 85F44BDA18DB24C800AB6846 /* SVProgressHUD.m */; settings = {COMPILER_FLAGS = "-fno-objc-arc"; }; };
		85F44BF018DB24C800AB6846 /* Util.m in Sources */ = {isa = PBXBuildFile; fileRef = 85F44BDC18DB24C800AB6846 /* Util.m */; };
		85F44BFD18DB24FE00AB6846 /* MessageUI.framework in Frameworks */ = {isa = PBXBuildFile; fileRef = 85F44BF118DB24FE00AB6846 /* MessageUI.framework */; };
		85F44BFE18DB24FE00AB6846 /* libz.dylib in Frameworks */ = {isa = PBXBuildFile; fileRef = 85F44BF218DB24FE00AB6846 /* libz.dylib */; };
		85F44BFF18DB24FE00AB6846 /* SystemConfiguration.framework in Frameworks */ = {isa = PBXBuildFile; fileRef = 85F44BF318DB24FE00AB6846 /* SystemConfiguration.framework */; };
		85F44C0018DB24FE00AB6846 /* MobileCoreServices.framework in Frameworks */ = {isa = PBXBuildFile; fileRef = 85F44BF418DB24FE00AB6846 /* MobileCoreServices.framework */; };
		85F44C0118DB24FE00AB6846 /* CFNetwork.framework in Frameworks */ = {isa = PBXBuildFile; fileRef = 85F44BF518DB24FE00AB6846 /* CFNetwork.framework */; };
		85F44C0218DB24FE00AB6846 /* CoreImage.framework in Frameworks */ = {isa = PBXBuildFile; fileRef = 85F44BF618DB24FE00AB6846 /* CoreImage.framework */; };
		85F44C0318DB24FE00AB6846 /* AddressBook.framework in Frameworks */ = {isa = PBXBuildFile; fileRef = 85F44BF718DB24FE00AB6846 /* AddressBook.framework */; };
		85F44C0418DB24FE00AB6846 /* MapKit.framework in Frameworks */ = {isa = PBXBuildFile; fileRef = 85F44BF818DB24FE00AB6846 /* MapKit.framework */; };
		85F44C0518DB24FE00AB6846 /* UIKit.framework in Frameworks */ = {isa = PBXBuildFile; fileRef = 85F44BF918DB24FE00AB6846 /* UIKit.framework */; };
		85F44C0618DB24FE00AB6846 /* Foundation.framework in Frameworks */ = {isa = PBXBuildFile; fileRef = 85F44BFA18DB24FE00AB6846 /* Foundation.framework */; };
		85F44C0718DB24FE00AB6846 /* CoreGraphics.framework in Frameworks */ = {isa = PBXBuildFile; fileRef = 85F44BFB18DB24FE00AB6846 /* CoreGraphics.framework */; };
		85F44C0818DB24FE00AB6846 /* QuartzCore.framework in Frameworks */ = {isa = PBXBuildFile; fileRef = 85F44BFC18DB24FE00AB6846 /* QuartzCore.framework */; };
		85F44C0C18DB325800AB6846 /* MessageTableViewCell.m in Sources */ = {isa = PBXBuildFile; fileRef = 85F44C0A18DB325800AB6846 /* MessageTableViewCell.m */; };
		85F44C0D18DB325800AB6846 /* MessageTableViewCell.xib in Resources */ = {isa = PBXBuildFile; fileRef = 85F44C0B18DB325800AB6846 /* MessageTableViewCell.xib */; };
		A3334F9218C42DEC00B72862 /* view5ViewController.m in Sources */ = {isa = PBXBuildFile; fileRef = A3334F9018C42DEC00B72862 /* view5ViewController.m */; };
		A3334F9318C42DEC00B72862 /* view5ViewController.xib in Resources */ = {isa = PBXBuildFile; fileRef = A3334F9118C42DEC00B72862 /* view5ViewController.xib */; };
		A35182E818C9F0C0002652C6 /* PictureViewController.m in Sources */ = {isa = PBXBuildFile; fileRef = A35182E618C9F0C0002652C6 /* PictureViewController.m */; };
		A35182E918C9F0C0002652C6 /* PictureViewController.xib in Resources */ = {isa = PBXBuildFile; fileRef = A35182E718C9F0C0002652C6 /* PictureViewController.xib */; };
		A351830218CACA36002652C6 /* UIColor+FlatUI.m in Sources */ = {isa = PBXBuildFile; fileRef = A351830118CACA36002652C6 /* UIColor+FlatUI.m */; };
		A351836818CEA020002652C6 /* TQMultistageTableView.m in Sources */ = {isa = PBXBuildFile; fileRef = A351836718CEA020002652C6 /* TQMultistageTableView.m */; };
		A363665118DA942500A94D70 /* 00001_3271343.jpg in Resources */ = {isa = PBXBuildFile; fileRef = A363661C18DA942500A94D70 /* 00001_3271343.jpg */; };
		A363665218DA942500A94D70 /* 00002_3271358.jpg in Resources */ = {isa = PBXBuildFile; fileRef = A363661D18DA942500A94D70 /* 00002_3271358.jpg */; };
		A363665318DA942500A94D70 /* 00003_3271404.jpg in Resources */ = {isa = PBXBuildFile; fileRef = A363661E18DA942500A94D70 /* 00003_3271404.jpg */; };
		A363665418DA942500A94D70 /* 00004_3271411.jpg in Resources */ = {isa = PBXBuildFile; fileRef = A363661F18DA942500A94D70 /* 00004_3271411.jpg */; };
		A363665518DA942500A94D70 /* 00005_3271501.jpg in Resources */ = {isa = PBXBuildFile; fileRef = A363662018DA942500A94D70 /* 00005_3271501.jpg */; };
		A363665618DA942500A94D70 /* 00006_3271538.jpg in Resources */ = {isa = PBXBuildFile; fileRef = A363662118DA942500A94D70 /* 00006_3271538.jpg */; };
		A363665718DA942500A94D70 /* 00007_3271595.jpg in Resources */ = {isa = PBXBuildFile; fileRef = A363662218DA942500A94D70 /* 00007_3271595.jpg */; };
		A363665818DA942500A94D70 /* 00008_3271606.jpg in Resources */ = {isa = PBXBuildFile; fileRef = A363662318DA942500A94D70 /* 00008_3271606.jpg */; };
		A363665918DA942500A94D70 /* 00009_3271626.jpg in Resources */ = {isa = PBXBuildFile; fileRef = A363662418DA942500A94D70 /* 00009_3271626.jpg */; };
		A363665A18DA942500A94D70 /* 00010_3271649.jpg in Resources */ = {isa = PBXBuildFile; fileRef = A363662518DA942500A94D70 /* 00010_3271649.jpg */; };
		A363665B18DA942500A94D70 /* 00011_3271655.jpg in Resources */ = {isa = PBXBuildFile; fileRef = A363662618DA942500A94D70 /* 00011_3271655.jpg */; };
		A363665C18DA942500A94D70 /* 00012_3271717.jpg in Resources */ = {isa = PBXBuildFile; fileRef = A363662718DA942500A94D70 /* 00012_3271717.jpg */; };
		A363665D18DA942500A94D70 /* 00013_3271752.jpg in Resources */ = {isa = PBXBuildFile; fileRef = A363662818DA942500A94D70 /* 00013_3271752.jpg */; };
		A363665E18DA942500A94D70 /* 00014_3271792.jpg in Resources */ = {isa = PBXBuildFile; fileRef = A363662918DA942500A94D70 /* 00014_3271792.jpg */; };
		A363665F18DA942500A94D70 /* 00015_3271845.jpg in Resources */ = {isa = PBXBuildFile; fileRef = A363662A18DA942500A94D70 /* 00015_3271845.jpg */; };
		A363666018DA942500A94D70 /* 00016_3271869.jpg in Resources */ = {isa = PBXBuildFile; fileRef = A363662B18DA942500A94D70 /* 00016_3271869.jpg */; };
		A363666118DA942500A94D70 /* 00017_3271909.jpg in Resources */ = {isa = PBXBuildFile; fileRef = A363662C18DA942500A94D70 /* 00017_3271909.jpg */; };
		A363666218DA942500A94D70 /* 00018_3271775.jpg in Resources */ = {isa = PBXBuildFile; fileRef = A363662D18DA942500A94D70 /* 00018_3271775.jpg */; };
		A363666318DA942500A94D70 /* 00019_3271849.jpg in Resources */ = {isa = PBXBuildFile; fileRef = A363662E18DA942500A94D70 /* 00019_3271849.jpg */; };
		A363666418DA942500A94D70 /* 00020_3272101.jpg in Resources */ = {isa = PBXBuildFile; fileRef = A363662F18DA942500A94D70 /* 00020_3272101.jpg */; };
		A363666518DA942500A94D70 /* 00021_3272162.jpg in Resources */ = {isa = PBXBuildFile; fileRef = A363663018DA942500A94D70 /* 00021_3272162.jpg */; };
		A363666618DA942500A94D70 /* 00022_3272267.jpg in Resources */ = {isa = PBXBuildFile; fileRef = A363663118DA942500A94D70 /* 00022_3272267.jpg */; };
		A363666718DA942500A94D70 /* 00023_3272314.jpg in Resources */ = {isa = PBXBuildFile; fileRef = A363663218DA942500A94D70 /* 00023_3272314.jpg */; };
		A363666818DA942500A94D70 /* 00024_3272334.jpg in Resources */ = {isa = PBXBuildFile; fileRef = A363663318DA942500A94D70 /* 00024_3272334.jpg */; };
		A363666918DA942500A94D70 /* 00025_3272351.jpg in Resources */ = {isa = PBXBuildFile; fileRef = A363663418DA942500A94D70 /* 00025_3272351.jpg */; };
		A363666A18DA942500A94D70 /* 00026_3272402.jpg in Resources */ = {isa = PBXBuildFile; fileRef = A363663518DA942500A94D70 /* 00026_3272402.jpg */; };
		A363666B18DA942500A94D70 /* 00027_3272417.jpg in Resources */ = {isa = PBXBuildFile; fileRef = A363663618DA942500A94D70 /* 00027_3272417.jpg */; };
		A363666C18DA942500A94D70 /* 00028_3272472.jpg in Resources */ = {isa = PBXBuildFile; fileRef = A363663718DA942500A94D70 /* 00028_3272472.jpg */; };
		A363666D18DA942500A94D70 /* 00029_3272504.jpg in Resources */ = {isa = PBXBuildFile; fileRef = A363663818DA942500A94D70 /* 00029_3272504.jpg */; };
		A363666E18DA942500A94D70 /* 00030_3272518.jpg in Resources */ = {isa = PBXBuildFile; fileRef = A363663918DA942500A94D70 /* 00030_3272518.jpg */; };
		A363666F18DA942500A94D70 /* 00031_3272535.jpg in Resources */ = {isa = PBXBuildFile; fileRef = A363663A18DA942500A94D70 /* 00031_3272535.jpg */; };
		A363667018DA942500A94D70 /* 00032_3272551.jpg in Resources */ = {isa = PBXBuildFile; fileRef = A363663B18DA942500A94D70 /* 00032_3272551.jpg */; };
		A363667118DA942500A94D70 /* 00033_3272569.jpg in Resources */ = {isa = PBXBuildFile; fileRef = A363663C18DA942500A94D70 /* 00033_3272569.jpg */; };
		A363667218DA942500A94D70 /* 00034_3272647.jpg in Resources */ = {isa = PBXBuildFile; fileRef = A363663D18DA942500A94D70 /* 00034_3272647.jpg */; };
		A363667318DA942500A94D70 /* 00035_3272686.jpg in Resources */ = {isa = PBXBuildFile; fileRef = A363663E18DA942500A94D70 /* 00035_3272686.jpg */; };
		A363667418DA942500A94D70 /* 00036_3272690.jpg in Resources */ = {isa = PBXBuildFile; fileRef = A363663F18DA942500A94D70 /* 00036_3272690.jpg */; };
		A363667518DA942500A94D70 /* 00037_3272725.jpg in Resources */ = {isa = PBXBuildFile; fileRef = A363664018DA942500A94D70 /* 00037_3272725.jpg */; };
		A363667618DA942500A94D70 /* 00038_3272730.jpg in Resources */ = {isa = PBXBuildFile; fileRef = A363664118DA942500A94D70 /* 00038_3272730.jpg */; };
		A363667718DA942500A94D70 /* 00039_3272767.jpg in Resources */ = {isa = PBXBuildFile; fileRef = A363664218DA942500A94D70 /* 00039_3272767.jpg */; };
		A363667818DA942500A94D70 /* 00040_3272783.jpg in Resources */ = {isa = PBXBuildFile; fileRef = A363664318DA942500A94D70 /* 00040_3272783.jpg */; };
		A363667918DA942500A94D70 /* 00041_3272809.jpg in Resources */ = {isa = PBXBuildFile; fileRef = A363664418DA942500A94D70 /* 00041_3272809.jpg */; };
		A363667A18DA942500A94D70 /* 00042_3272824.jpg in Resources */ = {isa = PBXBuildFile; fileRef = A363664518DA942500A94D70 /* 00042_3272824.jpg */; };
		A363667B18DA942500A94D70 /* 00043_3272867.jpg in Resources */ = {isa = PBXBuildFile; fileRef = A363664618DA942500A94D70 /* 00043_3272867.jpg */; };
		A363667C18DA942500A94D70 /* Arechino (sibs)__3271568.jpg in Resources */ = {isa = PBXBuildFile; fileRef = A363664718DA942500A94D70 /* Arechino (sibs)__3271568.jpg */; };
		A363667D18DA942500A94D70 /* Arechino (sibs)__3271571.jpg in Resources */ = {isa = PBXBuildFile; fileRef = A363664818DA942500A94D70 /* Arechino (sibs)__3271571.jpg */; };
		A363667E18DA942500A94D70 /* Belmatch__3271584.jpg in Resources */ = {isa = PBXBuildFile; fileRef = A363664918DA942500A94D70 /* Belmatch__3271584.jpg */; };
		A363667F18DA942500A94D70 /* Belmatch__3271603.jpg in Resources */ = {isa = PBXBuildFile; fileRef = A363664A18DA942500A94D70 /* Belmatch__3271603.jpg */; };
		A363668018DA942500A94D70 /* Belmatch__3272181.jpg in Resources */ = {isa = PBXBuildFile; fileRef = A363664B18DA942500A94D70 /* Belmatch__3272181.jpg */; };
		A363668118DA942500A94D70 /* Bianco__3272212.jpg in Resources */ = {isa = PBXBuildFile; fileRef = A363664C18DA942500A94D70 /* Bianco__3272212.jpg */; };
		A363668218DA942500A94D70 /* Derleth__3271629.jpg in Resources */ = {isa = PBXBuildFile; fileRef = A363664D18DA942500A94D70 /* Derleth__3271629.jpg */; };
		A363668318DA942500A94D70 /* Derleth__3271743.jpg in Resources */ = {isa = PBXBuildFile; fileRef = A363664E18DA942500A94D70 /* Derleth__3271743.jpg */; };
		A363668418DA942500A94D70 /* Lo Presti__3271316.jpg in Resources */ = {isa = PBXBuildFile; fileRef = A363664F18DA942500A94D70 /* Lo Presti__3271316.jpg */; };
		A363668518DA942500A94D70 /* Solnsteva__3271462.jpg in Resources */ = {isa = PBXBuildFile; fileRef = A363665018DA942500A94D70 /* Solnsteva__3271462.jpg */; };
		A3B9057118D627EE00E8FE21 /* eventsBckgrd@2x.png in Resources */ = {isa = PBXBuildFile; fileRef = A3B9057018D627EE00E8FE21 /* eventsBckgrd@2x.png */; };
		A3B9057D18D7C66700E8FE21 /* UIImage+BoxBlur.m in Sources */ = {isa = PBXBuildFile; fileRef = A3B9057A18D7C66700E8FE21 /* UIImage+BoxBlur.m */; };
		A3B9057E18D7C66700E8FE21 /* UIERealTimeBlurView.m in Sources */ = {isa = PBXBuildFile; fileRef = A3B9057C18D7C66700E8FE21 /* UIERealTimeBlurView.m */; };
		A3B9058018D7C6D400E8FE21 /* Accelerate.framework in Frameworks */ = {isa = PBXBuildFile; fileRef = A3B9057F18D7C6D400E8FE21 /* Accelerate.framework */; };
		A3B9058818D93E3900E8FE21 /* ScheduleTableViewCell.m in Sources */ = {isa = PBXBuildFile; fileRef = A3B9058618D93E3900E8FE21 /* ScheduleTableViewCell.m */; };
		A3B9058918D93E3900E8FE21 /* ScheduleTableViewCell.xib in Resources */ = {isa = PBXBuildFile; fileRef = A3B9058718D93E3900E8FE21 /* ScheduleTableViewCell.xib */; };
		A3B9058B18DA026D00E8FE21 /* starButton.png in Resources */ = {isa = PBXBuildFile; fileRef = A3B9058A18DA026D00E8FE21 /* starButton.png */; };
		A3B9058D18DA3E7200E8FE21 /* starButton9Stroke.png in Resources */ = {isa = PBXBuildFile; fileRef = A3B9058C18DA3E7200E8FE21 /* starButton9Stroke.png */; };
		A3BA604A18C928910023587E /* APLTransitionController.m in Sources */ = {isa = PBXBuildFile; fileRef = A3BA604918C928910023587E /* APLTransitionController.m */; };
		A3BA604D18C9289B0023587E /* APLCollectionViewController.m in Sources */ = {isa = PBXBuildFile; fileRef = A3BA604C18C9289B0023587E /* APLCollectionViewController.m */; };
		A3FB571218C8C2A300634794 /* eventsBckgrd.png in Resources */ = {isa = PBXBuildFile; fileRef = A3FB571118C8C2A300634794 /* eventsBckgrd.png */; };
		A3FB571C18C8C3AD00634794 /* UzysSMMenuItem.m in Sources */ = {isa = PBXBuildFile; fileRef = A3FB571618C8C3AD00634794 /* UzysSMMenuItem.m */; };
		A3FB571D18C8C3AD00634794 /* UzysSMMenuItemView.m in Sources */ = {isa = PBXBuildFile; fileRef = A3FB571818C8C3AD00634794 /* UzysSMMenuItemView.m */; };
		A3FB571E18C8C3AD00634794 /* UzysSMMenuItemView.xib in Resources */ = {isa = PBXBuildFile; fileRef = A3FB571918C8C3AD00634794 /* UzysSMMenuItemView.xib */; };
		A3FB571F18C8C3AD00634794 /* UzysSlideMenu.m in Sources */ = {isa = PBXBuildFile; fileRef = A3FB571B18C8C3AD00634794 /* UzysSlideMenu.m */; };
		A3FB572318C8D37E00634794 /* a0@2x.png in Resources */ = {isa = PBXBuildFile; fileRef = A3FB572018C8D37E00634794 /* a0@2x.png */; };
		A3FB572418C8D37E00634794 /* a1@2x.png in Resources */ = {isa = PBXBuildFile; fileRef = A3FB572118C8D37E00634794 /* a1@2x.png */; };
		A3FB572518C8D37E00634794 /* a2@2x.png in Resources */ = {isa = PBXBuildFile; fileRef = A3FB572218C8D37E00634794 /* a2@2x.png */; };
/* End PBXBuildFile section */

/* Begin PBXContainerItemProxy section */
		443C821F16F6A56900DE5D85 /* PBXContainerItemProxy */ = {
			isa = PBXContainerItemProxy;
			containerPortal = 443C81F216F6A56800DE5D85 /* Project object */;
			proxyType = 1;
			remoteGlobalIDString = 443C81F916F6A56800DE5D85;
			remoteInfo = 4quareMenu;
		};
/* End PBXContainerItemProxy section */

/* Begin PBXFileReference section */
		440D3C0116FAF7AC00535AC4 /* MaskView.h */ = {isa = PBXFileReference; fileEncoding = 4; lastKnownFileType = sourcecode.c.h; name = MaskView.h; path = 4quareMenuController/MaskView.h; sourceTree = "<group>"; };
		440D3C0216FAF7AC00535AC4 /* MaskView.m */ = {isa = PBXFileReference; fileEncoding = 4; lastKnownFileType = sourcecode.c.objc; name = MaskView.m; path = 4quareMenuController/MaskView.m; sourceTree = "<group>"; };
		441B237C16FC3180009FAEA7 /* centerImage@2x.png */ = {isa = PBXFileReference; lastKnownFileType = image.png; path = "centerImage@2x.png"; sourceTree = "<group>"; };
		441B237E16FC41C2009FAEA7 /* bottomLeft_h@2x.png */ = {isa = PBXFileReference; lastKnownFileType = image.png; path = "bottomLeft_h@2x.png"; sourceTree = "<group>"; };
		441B237F16FC41C2009FAEA7 /* bottomLeft_n@2x.png */ = {isa = PBXFileReference; lastKnownFileType = image.png; path = "bottomLeft_n@2x.png"; sourceTree = "<group>"; };
		441B238016FC41C2009FAEA7 /* bottomRight_h@2x.png */ = {isa = PBXFileReference; lastKnownFileType = image.png; path = "bottomRight_h@2x.png"; sourceTree = "<group>"; };
		441B238116FC41C2009FAEA7 /* bottomRight_n@2x.png */ = {isa = PBXFileReference; lastKnownFileType = image.png; path = "bottomRight_n@2x.png"; sourceTree = "<group>"; };
		441B238216FC41C2009FAEA7 /* topLeft_h@2x.png */ = {isa = PBXFileReference; lastKnownFileType = image.png; path = "topLeft_h@2x.png"; sourceTree = "<group>"; };
		441B238316FC41C2009FAEA7 /* topLeft_n@2x.png */ = {isa = PBXFileReference; lastKnownFileType = image.png; path = "topLeft_n@2x.png"; sourceTree = "<group>"; };
		441B238416FC41C2009FAEA7 /* topRight_h@2x.png */ = {isa = PBXFileReference; lastKnownFileType = image.png; path = "topRight_h@2x.png"; sourceTree = "<group>"; };
		441B238516FC41C2009FAEA7 /* topRight_n@2x.png */ = {isa = PBXFileReference; lastKnownFileType = image.png; path = "topRight_n@2x.png"; sourceTree = "<group>"; };
		443C81FA16F6A56800DE5D85 /* Bedazzle.app */ = {isa = PBXFileReference; explicitFileType = wrapper.application; includeInIndex = 0; path = Bedazzle.app; sourceTree = BUILT_PRODUCTS_DIR; };
		443C81FD16F6A56800DE5D85 /* UIKit.framework */ = {isa = PBXFileReference; lastKnownFileType = wrapper.framework; name = UIKit.framework; path = System/Library/Frameworks/UIKit.framework; sourceTree = SDKROOT; };
		443C81FF16F6A56800DE5D85 /* Foundation.framework */ = {isa = PBXFileReference; lastKnownFileType = wrapper.framework; name = Foundation.framework; path = System/Library/Frameworks/Foundation.framework; sourceTree = SDKROOT; };
		443C820116F6A56800DE5D85 /* CoreGraphics.framework */ = {isa = PBXFileReference; lastKnownFileType = wrapper.framework; name = CoreGraphics.framework; path = System/Library/Frameworks/CoreGraphics.framework; sourceTree = SDKROOT; };
		443C820516F6A56800DE5D85 /* Bedazzle-Info.plist */ = {isa = PBXFileReference; lastKnownFileType = text.plist.xml; path = "Bedazzle-Info.plist"; sourceTree = "<group>"; };
		443C820716F6A56800DE5D85 /* en */ = {isa = PBXFileReference; lastKnownFileType = text.plist.strings; name = en; path = en.lproj/InfoPlist.strings; sourceTree = "<group>"; };
		443C820916F6A56800DE5D85 /* main.m */ = {isa = PBXFileReference; lastKnownFileType = sourcecode.c.objc; path = main.m; sourceTree = "<group>"; };
		443C820B16F6A56800DE5D85 /* Bedazzle-Prefix.pch */ = {isa = PBXFileReference; lastKnownFileType = sourcecode.c.h; path = "Bedazzle-Prefix.pch"; sourceTree = "<group>"; };
		443C820C16F6A56800DE5D85 /* AppDelegate.h */ = {isa = PBXFileReference; lastKnownFileType = sourcecode.c.h; path = AppDelegate.h; sourceTree = "<group>"; };
		443C820D16F6A56800DE5D85 /* AppDelegate.m */ = {isa = PBXFileReference; lastKnownFileType = sourcecode.c.objc; path = AppDelegate.m; sourceTree = "<group>"; };
		443C820F16F6A56800DE5D85 /* Default.png */ = {isa = PBXFileReference; lastKnownFileType = image.png; path = Default.png; sourceTree = "<group>"; };
		443C821116F6A56800DE5D85 /* Default@2x.png */ = {isa = PBXFileReference; lastKnownFileType = image.png; path = "Default@2x.png"; sourceTree = "<group>"; };
		443C821316F6A56800DE5D85 /* Default-568h@2x.png */ = {isa = PBXFileReference; lastKnownFileType = image.png; path = "Default-568h@2x.png"; sourceTree = "<group>"; };
		443C821A16F6A56900DE5D85 /* BedazzleTests.octest */ = {isa = PBXFileReference; explicitFileType = wrapper.cfbundle; includeInIndex = 0; path = BedazzleTests.octest; sourceTree = BUILT_PRODUCTS_DIR; };
		443C821B16F6A56900DE5D85 /* SenTestingKit.framework */ = {isa = PBXFileReference; lastKnownFileType = wrapper.framework; name = SenTestingKit.framework; path = Library/Frameworks/SenTestingKit.framework; sourceTree = DEVELOPER_DIR; };
		443C822316F6A56900DE5D85 /* BedazzleTests-Info.plist */ = {isa = PBXFileReference; lastKnownFileType = text.plist.xml; path = "BedazzleTests-Info.plist"; sourceTree = "<group>"; };
		443C822516F6A56900DE5D85 /* en */ = {isa = PBXFileReference; lastKnownFileType = text.plist.strings; name = en; path = en.lproj/InfoPlist.strings; sourceTree = "<group>"; };
		443C822716F6A56900DE5D85 /* _quareMenuTests.h */ = {isa = PBXFileReference; lastKnownFileType = sourcecode.c.h; path = _quareMenuTests.h; sourceTree = "<group>"; };
		443C822816F6A56900DE5D85 /* _quareMenuTests.m */ = {isa = PBXFileReference; lastKnownFileType = sourcecode.c.objc; path = _quareMenuTests.m; sourceTree = "<group>"; };
		443C823216F6A62E00DE5D85 /* view1ViewController.h */ = {isa = PBXFileReference; fileEncoding = 4; lastKnownFileType = sourcecode.c.h; path = view1ViewController.h; sourceTree = "<group>"; };
		443C823316F6A62E00DE5D85 /* view1ViewController.m */ = {isa = PBXFileReference; fileEncoding = 4; lastKnownFileType = sourcecode.c.objc; path = view1ViewController.m; sourceTree = "<group>"; };
		443C823416F6A62E00DE5D85 /* view1ViewController.xib */ = {isa = PBXFileReference; fileEncoding = 4; lastKnownFileType = file.xib; path = view1ViewController.xib; sourceTree = "<group>"; };
		443C823716F6A66000DE5D85 /* view2ViewController.h */ = {isa = PBXFileReference; fileEncoding = 4; lastKnownFileType = sourcecode.c.h; path = view2ViewController.h; sourceTree = "<group>"; };
		443C823816F6A66000DE5D85 /* view2ViewController.m */ = {isa = PBXFileReference; fileEncoding = 4; lastKnownFileType = sourcecode.c.objc; path = view2ViewController.m; sourceTree = "<group>"; };
		443C823916F6A66000DE5D85 /* view2ViewController.xib */ = {isa = PBXFileReference; fileEncoding = 4; lastKnownFileType = file.xib; path = view2ViewController.xib; sourceTree = "<group>"; };
		443C823C16F6A67F00DE5D85 /* view3ViewController.h */ = {isa = PBXFileReference; fileEncoding = 4; lastKnownFileType = sourcecode.c.h; path = view3ViewController.h; sourceTree = "<group>"; };
		443C823D16F6A67F00DE5D85 /* view3ViewController.m */ = {isa = PBXFileReference; fileEncoding = 4; lastKnownFileType = sourcecode.c.objc; path = view3ViewController.m; sourceTree = "<group>"; };
		443C823E16F6A67F00DE5D85 /* view3ViewController.xib */ = {isa = PBXFileReference; fileEncoding = 4; lastKnownFileType = file.xib; path = view3ViewController.xib; sourceTree = "<group>"; };
		443C824116F6A69900DE5D85 /* view4ViewController.h */ = {isa = PBXFileReference; fileEncoding = 4; lastKnownFileType = sourcecode.c.h; path = view4ViewController.h; sourceTree = "<group>"; };
		443C824216F6A69900DE5D85 /* view4ViewController.m */ = {isa = PBXFileReference; fileEncoding = 4; lastKnownFileType = sourcecode.c.objc; path = view4ViewController.m; sourceTree = "<group>"; };
		443C824316F6A69900DE5D85 /* view4ViewController.xib */ = {isa = PBXFileReference; fileEncoding = 4; lastKnownFileType = file.xib; path = view4ViewController.xib; sourceTree = "<group>"; };
		443C824616F6A6E000DE5D85 /* Quare4MenuViewController.h */ = {isa = PBXFileReference; fileEncoding = 4; lastKnownFileType = sourcecode.c.h; name = Quare4MenuViewController.h; path = 4quareMenuController/Quare4MenuViewController.h; sourceTree = "<group>"; };
		443C824716F6A6E000DE5D85 /* Quare4MenuViewController.m */ = {isa = PBXFileReference; fileEncoding = 4; lastKnownFileType = sourcecode.c.objc; name = Quare4MenuViewController.m; path = 4quareMenuController/Quare4MenuViewController.m; sourceTree = "<group>"; };
		4461C2DF16F8436700196347 /* QuartzCore.framework */ = {isa = PBXFileReference; lastKnownFileType = wrapper.framework; name = QuartzCore.framework; path = System/Library/Frameworks/QuartzCore.framework; sourceTree = SDKROOT; };
		8594054718C86C4B004681B2 /* topCenter_n@2x.png */ = {isa = PBXFileReference; lastKnownFileType = image.png; path = "topCenter_n@2x.png"; sourceTree = "<group>"; };
		8594054818C86C4B004681B2 /* topCenter_h@2x.png */ = {isa = PBXFileReference; lastKnownFileType = image.png; path = "topCenter_h@2x.png"; sourceTree = "<group>"; };
		8594054B18C88CF3004681B2 /* bedazzleStar.png */ = {isa = PBXFileReference; lastKnownFileType = image.png; path = bedazzleStar.png; sourceTree = "<group>"; };
		85F44BAC18DB24C800AB6846 /* ASIAuthenticationDialog.h */ = {isa = PBXFileReference; fileEncoding = 4; lastKnownFileType = sourcecode.c.h; path = ASIAuthenticationDialog.h; sourceTree = "<group>"; };
		85F44BAD18DB24C800AB6846 /* ASIAuthenticationDialog.m */ = {isa = PBXFileReference; fileEncoding = 4; lastKnownFileType = sourcecode.c.objc; path = ASIAuthenticationDialog.m; sourceTree = "<group>"; };
		85F44BAE18DB24C800AB6846 /* ASICacheDelegate.h */ = {isa = PBXFileReference; fileEncoding = 4; lastKnownFileType = sourcecode.c.h; path = ASICacheDelegate.h; sourceTree = "<group>"; };
		85F44BAF18DB24C800AB6846 /* ASIDataCompressor.h */ = {isa = PBXFileReference; fileEncoding = 4; lastKnownFileType = sourcecode.c.h; path = ASIDataCompressor.h; sourceTree = "<group>"; };
		85F44BB018DB24C800AB6846 /* ASIDataCompressor.m */ = {isa = PBXFileReference; fileEncoding = 4; lastKnownFileType = sourcecode.c.objc; path = ASIDataCompressor.m; sourceTree = "<group>"; };
		85F44BB118DB24C800AB6846 /* ASIDataDecompressor.h */ = {isa = PBXFileReference; fileEncoding = 4; lastKnownFileType = sourcecode.c.h; path = ASIDataDecompressor.h; sourceTree = "<group>"; };
		85F44BB218DB24C800AB6846 /* ASIDataDecompressor.m */ = {isa = PBXFileReference; fileEncoding = 4; lastKnownFileType = sourcecode.c.objc; path = ASIDataDecompressor.m; sourceTree = "<group>"; };
		85F44BB318DB24C800AB6846 /* ASIDownloadCache.h */ = {isa = PBXFileReference; fileEncoding = 4; lastKnownFileType = sourcecode.c.h; path = ASIDownloadCache.h; sourceTree = "<group>"; };
		85F44BB418DB24C800AB6846 /* ASIDownloadCache.m */ = {isa = PBXFileReference; fileEncoding = 4; lastKnownFileType = sourcecode.c.objc; path = ASIDownloadCache.m; sourceTree = "<group>"; };
		85F44BB518DB24C800AB6846 /* ASIFormDataRequest.h */ = {isa = PBXFileReference; fileEncoding = 4; lastKnownFileType = sourcecode.c.h; path = ASIFormDataRequest.h; sourceTree = "<group>"; };
		85F44BB618DB24C800AB6846 /* ASIFormDataRequest.m */ = {isa = PBXFileReference; fileEncoding = 4; lastKnownFileType = sourcecode.c.objc; path = ASIFormDataRequest.m; sourceTree = "<group>"; };
		85F44BB718DB24C800AB6846 /* ASIHTTPRequest.h */ = {isa = PBXFileReference; fileEncoding = 4; lastKnownFileType = sourcecode.c.h; path = ASIHTTPRequest.h; sourceTree = "<group>"; };
		85F44BB818DB24C800AB6846 /* ASIHTTPRequest.m */ = {isa = PBXFileReference; fileEncoding = 4; lastKnownFileType = sourcecode.c.objc; path = ASIHTTPRequest.m; sourceTree = "<group>"; };
		85F44BB918DB24C800AB6846 /* ASIHTTPRequestConfig.h */ = {isa = PBXFileReference; fileEncoding = 4; lastKnownFileType = sourcecode.c.h; path = ASIHTTPRequestConfig.h; sourceTree = "<group>"; };
		85F44BBA18DB24C800AB6846 /* ASIHTTPRequestDelegate.h */ = {isa = PBXFileReference; fileEncoding = 4; lastKnownFileType = sourcecode.c.h; path = ASIHTTPRequestDelegate.h; sourceTree = "<group>"; };
		85F44BBB18DB24C800AB6846 /* ASIInputStream.h */ = {isa = PBXFileReference; fileEncoding = 4; lastKnownFileType = sourcecode.c.h; path = ASIInputStream.h; sourceTree = "<group>"; };
		85F44BBC18DB24C800AB6846 /* ASIInputStream.m */ = {isa = PBXFileReference; fileEncoding = 4; lastKnownFileType = sourcecode.c.objc; path = ASIInputStream.m; sourceTree = "<group>"; };
		85F44BBD18DB24C800AB6846 /* ASINetworkQueue.h */ = {isa = PBXFileReference; fileEncoding = 4; lastKnownFileType = sourcecode.c.h; path = ASINetworkQueue.h; sourceTree = "<group>"; };
		85F44BBE18DB24C800AB6846 /* ASINetworkQueue.m */ = {isa = PBXFileReference; fileEncoding = 4; lastKnownFileType = sourcecode.c.objc; path = ASINetworkQueue.m; sourceTree = "<group>"; };
		85F44BBF18DB24C800AB6846 /* ASIProgressDelegate.h */ = {isa = PBXFileReference; fileEncoding = 4; lastKnownFileType = sourcecode.c.h; path = ASIProgressDelegate.h; sourceTree = "<group>"; };
		85F44BC118DB24C800AB6846 /* JSON.h */ = {isa = PBXFileReference; fileEncoding = 4; lastKnownFileType = sourcecode.c.h; path = JSON.h; sourceTree = "<group>"; };
		85F44BC218DB24C800AB6846 /* NSObject+SBJSON.h */ = {isa = PBXFileReference; fileEncoding = 4; lastKnownFileType = sourcecode.c.h; path = "NSObject+SBJSON.h"; sourceTree = "<group>"; };
		85F44BC318DB24C800AB6846 /* NSObject+SBJSON.m */ = {isa = PBXFileReference; fileEncoding = 4; lastKnownFileType = sourcecode.c.objc; path = "NSObject+SBJSON.m"; sourceTree = "<group>"; };
		85F44BC418DB24C800AB6846 /* NSString+SBJSON.h */ = {isa = PBXFileReference; fileEncoding = 4; lastKnownFileType = sourcecode.c.h; path = "NSString+SBJSON.h"; sourceTree = "<group>"; };
		85F44BC518DB24C800AB6846 /* NSString+SBJSON.m */ = {isa = PBXFileReference; fileEncoding = 4; lastKnownFileType = sourcecode.c.objc; path = "NSString+SBJSON.m"; sourceTree = "<group>"; };
		85F44BC618DB24C800AB6846 /* SBJsonBase.h */ = {isa = PBXFileReference; fileEncoding = 4; lastKnownFileType = sourcecode.c.h; path = SBJsonBase.h; sourceTree = "<group>"; };
		85F44BC718DB24C800AB6846 /* SBJsonBase.m */ = {isa = PBXFileReference; fileEncoding = 4; lastKnownFileType = sourcecode.c.objc; path = SBJsonBase.m; sourceTree = "<group>"; };
		85F44BC818DB24C800AB6846 /* SBJsonParser.h */ = {isa = PBXFileReference; fileEncoding = 4; lastKnownFileType = sourcecode.c.h; path = SBJsonParser.h; sourceTree = "<group>"; };
		85F44BC918DB24C800AB6846 /* SBJsonParser.m */ = {isa = PBXFileReference; fileEncoding = 4; lastKnownFileType = sourcecode.c.objc; path = SBJsonParser.m; sourceTree = "<group>"; };
		85F44BCA18DB24C800AB6846 /* SBJsonWriter.h */ = {isa = PBXFileReference; fileEncoding = 4; lastKnownFileType = sourcecode.c.h; path = SBJsonWriter.h; sourceTree = "<group>"; };
		85F44BCB18DB24C800AB6846 /* SBJsonWriter.m */ = {isa = PBXFileReference; fileEncoding = 4; lastKnownFileType = sourcecode.c.objc; path = SBJsonWriter.m; sourceTree = "<group>"; };
		85F44BCD18DB24C800AB6846 /* Reachability.h */ = {isa = PBXFileReference; fileEncoding = 4; lastKnownFileType = sourcecode.c.h; path = Reachability.h; sourceTree = "<group>"; };
		85F44BCE18DB24C800AB6846 /* Reachability.m */ = {isa = PBXFileReference; fileEncoding = 4; lastKnownFileType = sourcecode.c.objc; path = Reachability.m; sourceTree = "<group>"; };
		85F44BD018DB24C800AB6846 /* define.h */ = {isa = PBXFileReference; fileEncoding = 4; lastKnownFileType = sourcecode.c.h; path = define.h; sourceTree = "<group>"; };
		85F44BD118DB24C800AB6846 /* GlobalObject.h */ = {isa = PBXFileReference; fileEncoding = 4; lastKnownFileType = sourcecode.c.h; path = GlobalObject.h; sourceTree = "<group>"; };
		85F44BD218DB24C800AB6846 /* GlobalObject.m */ = {isa = PBXFileReference; fileEncoding = 4; lastKnownFileType = sourcecode.c.objc; path = GlobalObject.m; sourceTree = "<group>"; };
		85F44BD318DB24C800AB6846 /* NetworkActivityIndicator.h */ = {isa = PBXFileReference; fileEncoding = 4; lastKnownFileType = sourcecode.c.h; path = NetworkActivityIndicator.h; sourceTree = "<group>"; };
		85F44BD418DB24C800AB6846 /* NetworkActivityIndicator.m */ = {isa = PBXFileReference; fileEncoding = 4; lastKnownFileType = sourcecode.c.objc; path = NetworkActivityIndicator.m; sourceTree = "<group>"; };
		85F44BD518DB24C800AB6846 /* ServiceManager.h */ = {isa = PBXFileReference; fileEncoding = 4; lastKnownFileType = sourcecode.c.h; path = ServiceManager.h; sourceTree = "<group>"; };
		85F44BD618DB24C800AB6846 /* ServiceManager.m */ = {isa = PBXFileReference; fileEncoding = 4; lastKnownFileType = sourcecode.c.objc; path = ServiceManager.m; sourceTree = "<group>"; };
		85F44BD818DB24C800AB6846 /* SVProgressHUD.bundle */ = {isa = PBXFileReference; lastKnownFileType = "wrapper.plug-in"; path = SVProgressHUD.bundle; sourceTree = "<group>"; };
		85F44BD918DB24C800AB6846 /* SVProgressHUD.h */ = {isa = PBXFileReference; fileEncoding = 4; lastKnownFileType = sourcecode.c.h; path = SVProgressHUD.h; sourceTree = "<group>"; };
		85F44BDA18DB24C800AB6846 /* SVProgressHUD.m */ = {isa = PBXFileReference; fileEncoding = 4; lastKnownFileType = sourcecode.c.objc; path = SVProgressHUD.m; sourceTree = "<group>"; };
		85F44BDB18DB24C800AB6846 /* Util.h */ = {isa = PBXFileReference; fileEncoding = 4; lastKnownFileType = sourcecode.c.h; path = Util.h; sourceTree = "<group>"; };
		85F44BDC18DB24C800AB6846 /* Util.m */ = {isa = PBXFileReference; fileEncoding = 4; lastKnownFileType = sourcecode.c.objc; path = Util.m; sourceTree = "<group>"; };
		85F44BF118DB24FE00AB6846 /* MessageUI.framework */ = {isa = PBXFileReference; lastKnownFileType = wrapper.framework; name = MessageUI.framework; path = System/Library/Frameworks/MessageUI.framework; sourceTree = SDKROOT; };
		85F44BF218DB24FE00AB6846 /* libz.dylib */ = {isa = PBXFileReference; lastKnownFileType = "compiled.mach-o.dylib"; name = libz.dylib; path = usr/lib/libz.dylib; sourceTree = SDKROOT; };
		85F44BF318DB24FE00AB6846 /* SystemConfiguration.framework */ = {isa = PBXFileReference; lastKnownFileType = wrapper.framework; name = SystemConfiguration.framework; path = System/Library/Frameworks/SystemConfiguration.framework; sourceTree = SDKROOT; };
		85F44BF418DB24FE00AB6846 /* MobileCoreServices.framework */ = {isa = PBXFileReference; lastKnownFileType = wrapper.framework; name = MobileCoreServices.framework; path = System/Library/Frameworks/MobileCoreServices.framework; sourceTree = SDKROOT; };
		85F44BF518DB24FE00AB6846 /* CFNetwork.framework */ = {isa = PBXFileReference; lastKnownFileType = wrapper.framework; name = CFNetwork.framework; path = System/Library/Frameworks/CFNetwork.framework; sourceTree = SDKROOT; };
		85F44BF618DB24FE00AB6846 /* CoreImage.framework */ = {isa = PBXFileReference; lastKnownFileType = wrapper.framework; name = CoreImage.framework; path = System/Library/Frameworks/CoreImage.framework; sourceTree = SDKROOT; };
		85F44BF718DB24FE00AB6846 /* AddressBook.framework */ = {isa = PBXFileReference; lastKnownFileType = wrapper.framework; name = AddressBook.framework; path = System/Library/Frameworks/AddressBook.framework; sourceTree = SDKROOT; };
		85F44BF818DB24FE00AB6846 /* MapKit.framework */ = {isa = PBXFileReference; lastKnownFileType = wrapper.framework; name = MapKit.framework; path = System/Library/Frameworks/MapKit.framework; sourceTree = SDKROOT; };
		85F44BF918DB24FE00AB6846 /* UIKit.framework */ = {isa = PBXFileReference; lastKnownFileType = wrapper.framework; name = UIKit.framework; path = System/Library/Frameworks/UIKit.framework; sourceTree = SDKROOT; };
		85F44BFA18DB24FE00AB6846 /* Foundation.framework */ = {isa = PBXFileReference; lastKnownFileType = wrapper.framework; name = Foundation.framework; path = System/Library/Frameworks/Foundation.framework; sourceTree = SDKROOT; };
		85F44BFB18DB24FE00AB6846 /* CoreGraphics.framework */ = {isa = PBXFileReference; lastKnownFileType = wrapper.framework; name = CoreGraphics.framework; path = System/Library/Frameworks/CoreGraphics.framework; sourceTree = SDKROOT; };
		85F44BFC18DB24FE00AB6846 /* QuartzCore.framework */ = {isa = PBXFileReference; lastKnownFileType = wrapper.framework; name = QuartzCore.framework; path = System/Library/Frameworks/QuartzCore.framework; sourceTree = SDKROOT; };
		85F44C0918DB325800AB6846 /* MessageTableViewCell.h */ = {isa = PBXFileReference; fileEncoding = 4; lastKnownFileType = sourcecode.c.h; path = MessageTableViewCell.h; sourceTree = "<group>"; };
		85F44C0A18DB325800AB6846 /* MessageTableViewCell.m */ = {isa = PBXFileReference; fileEncoding = 4; lastKnownFileType = sourcecode.c.objc; path = MessageTableViewCell.m; sourceTree = "<group>"; };
		85F44C0B18DB325800AB6846 /* MessageTableViewCell.xib */ = {isa = PBXFileReference; fileEncoding = 4; lastKnownFileType = file.xib; path = MessageTableViewCell.xib; sourceTree = "<group>"; };
		A3334F8F18C42DEC00B72862 /* view5ViewController.h */ = {isa = PBXFileReference; fileEncoding = 4; lastKnownFileType = sourcecode.c.h; name = view5ViewController.h; path = ../view5ViewController.h; sourceTree = "<group>"; };
		A3334F9018C42DEC00B72862 /* view5ViewController.m */ = {isa = PBXFileReference; fileEncoding = 4; lastKnownFileType = sourcecode.c.objc; name = view5ViewController.m; path = ../view5ViewController.m; sourceTree = "<group>"; };
		A3334F9118C42DEC00B72862 /* view5ViewController.xib */ = {isa = PBXFileReference; fileEncoding = 4; lastKnownFileType = file.xib; name = view5ViewController.xib; path = ../view5ViewController.xib; sourceTree = "<group>"; };
		A35182E518C9F0C0002652C6 /* PictureViewController.h */ = {isa = PBXFileReference; fileEncoding = 4; lastKnownFileType = sourcecode.c.h; path = PictureViewController.h; sourceTree = "<group>"; };
		A35182E618C9F0C0002652C6 /* PictureViewController.m */ = {isa = PBXFileReference; fileEncoding = 4; lastKnownFileType = sourcecode.c.objc; path = PictureViewController.m; sourceTree = "<group>"; };
		A35182E718C9F0C0002652C6 /* PictureViewController.xib */ = {isa = PBXFileReference; fileEncoding = 4; lastKnownFileType = file.xib; path = PictureViewController.xib; sourceTree = "<group>"; };
		A351830018CACA36002652C6 /* UIColor+FlatUI.h */ = {isa = PBXFileReference; fileEncoding = 4; lastKnownFileType = sourcecode.c.h; path = "UIColor+FlatUI.h"; sourceTree = "<group>"; };
		A351830118CACA36002652C6 /* UIColor+FlatUI.m */ = {isa = PBXFileReference; fileEncoding = 4; lastKnownFileType = sourcecode.c.objc; path = "UIColor+FlatUI.m"; sourceTree = "<group>"; };
		A351836618CEA020002652C6 /* TQMultistageTableView.h */ = {isa = PBXFileReference; fileEncoding = 4; lastKnownFileType = sourcecode.c.h; path = TQMultistageTableView.h; sourceTree = "<group>"; };
		A351836718CEA020002652C6 /* TQMultistageTableView.m */ = {isa = PBXFileReference; fileEncoding = 4; lastKnownFileType = sourcecode.c.objc; path = TQMultistageTableView.m; sourceTree = "<group>"; };
		A363661C18DA942500A94D70 /* 00001_3271343.jpg */ = {isa = PBXFileReference; lastKnownFileType = image.jpeg; path = 00001_3271343.jpg; sourceTree = "<group>"; };
		A363661D18DA942500A94D70 /* 00002_3271358.jpg */ = {isa = PBXFileReference; lastKnownFileType = image.jpeg; path = 00002_3271358.jpg; sourceTree = "<group>"; };
		A363661E18DA942500A94D70 /* 00003_3271404.jpg */ = {isa = PBXFileReference; lastKnownFileType = image.jpeg; path = 00003_3271404.jpg; sourceTree = "<group>"; };
		A363661F18DA942500A94D70 /* 00004_3271411.jpg */ = {isa = PBXFileReference; lastKnownFileType = image.jpeg; path = 00004_3271411.jpg; sourceTree = "<group>"; };
		A363662018DA942500A94D70 /* 00005_3271501.jpg */ = {isa = PBXFileReference; lastKnownFileType = image.jpeg; path = 00005_3271501.jpg; sourceTree = "<group>"; };
		A363662118DA942500A94D70 /* 00006_3271538.jpg */ = {isa = PBXFileReference; lastKnownFileType = image.jpeg; path = 00006_3271538.jpg; sourceTree = "<group>"; };
		A363662218DA942500A94D70 /* 00007_3271595.jpg */ = {isa = PBXFileReference; lastKnownFileType = image.jpeg; path = 00007_3271595.jpg; sourceTree = "<group>"; };
		A363662318DA942500A94D70 /* 00008_3271606.jpg */ = {isa = PBXFileReference; lastKnownFileType = image.jpeg; path = 00008_3271606.jpg; sourceTree = "<group>"; };
		A363662418DA942500A94D70 /* 00009_3271626.jpg */ = {isa = PBXFileReference; lastKnownFileType = image.jpeg; path = 00009_3271626.jpg; sourceTree = "<group>"; };
		A363662518DA942500A94D70 /* 00010_3271649.jpg */ = {isa = PBXFileReference; lastKnownFileType = image.jpeg; path = 00010_3271649.jpg; sourceTree = "<group>"; };
		A363662618DA942500A94D70 /* 00011_3271655.jpg */ = {isa = PBXFileReference; lastKnownFileType = image.jpeg; path = 00011_3271655.jpg; sourceTree = "<group>"; };
		A363662718DA942500A94D70 /* 00012_3271717.jpg */ = {isa = PBXFileReference; lastKnownFileType = image.jpeg; path = 00012_3271717.jpg; sourceTree = "<group>"; };
		A363662818DA942500A94D70 /* 00013_3271752.jpg */ = {isa = PBXFileReference; lastKnownFileType = image.jpeg; path = 00013_3271752.jpg; sourceTree = "<group>"; };
		A363662918DA942500A94D70 /* 00014_3271792.jpg */ = {isa = PBXFileReference; lastKnownFileType = image.jpeg; path = 00014_3271792.jpg; sourceTree = "<group>"; };
		A363662A18DA942500A94D70 /* 00015_3271845.jpg */ = {isa = PBXFileReference; lastKnownFileType = image.jpeg; path = 00015_3271845.jpg; sourceTree = "<group>"; };
		A363662B18DA942500A94D70 /* 00016_3271869.jpg */ = {isa = PBXFileReference; lastKnownFileType = image.jpeg; path = 00016_3271869.jpg; sourceTree = "<group>"; };
		A363662C18DA942500A94D70 /* 00017_3271909.jpg */ = {isa = PBXFileReference; lastKnownFileType = image.jpeg; path = 00017_3271909.jpg; sourceTree = "<group>"; };
		A363662D18DA942500A94D70 /* 00018_3271775.jpg */ = {isa = PBXFileReference; lastKnownFileType = image.jpeg; path = 00018_3271775.jpg; sourceTree = "<group>"; };
		A363662E18DA942500A94D70 /* 00019_3271849.jpg */ = {isa = PBXFileReference; lastKnownFileType = image.jpeg; path = 00019_3271849.jpg; sourceTree = "<group>"; };
		A363662F18DA942500A94D70 /* 00020_3272101.jpg */ = {isa = PBXFileReference; lastKnownFileType = image.jpeg; path = 00020_3272101.jpg; sourceTree = "<group>"; };
		A363663018DA942500A94D70 /* 00021_3272162.jpg */ = {isa = PBXFileReference; lastKnownFileType = image.jpeg; path = 00021_3272162.jpg; sourceTree = "<group>"; };
		A363663118DA942500A94D70 /* 00022_3272267.jpg */ = {isa = PBXFileReference; lastKnownFileType = image.jpeg; path = 00022_3272267.jpg; sourceTree = "<group>"; };
		A363663218DA942500A94D70 /* 00023_3272314.jpg */ = {isa = PBXFileReference; lastKnownFileType = image.jpeg; path = 00023_3272314.jpg; sourceTree = "<group>"; };
		A363663318DA942500A94D70 /* 00024_3272334.jpg */ = {isa = PBXFileReference; lastKnownFileType = image.jpeg; path = 00024_3272334.jpg; sourceTree = "<group>"; };
		A363663418DA942500A94D70 /* 00025_3272351.jpg */ = {isa = PBXFileReference; lastKnownFileType = image.jpeg; path = 00025_3272351.jpg; sourceTree = "<group>"; };
		A363663518DA942500A94D70 /* 00026_3272402.jpg */ = {isa = PBXFileReference; lastKnownFileType = image.jpeg; path = 00026_3272402.jpg; sourceTree = "<group>"; };
		A363663618DA942500A94D70 /* 00027_3272417.jpg */ = {isa = PBXFileReference; lastKnownFileType = image.jpeg; path = 00027_3272417.jpg; sourceTree = "<group>"; };
		A363663718DA942500A94D70 /* 00028_3272472.jpg */ = {isa = PBXFileReference; lastKnownFileType = image.jpeg; path = 00028_3272472.jpg; sourceTree = "<group>"; };
		A363663818DA942500A94D70 /* 00029_3272504.jpg */ = {isa = PBXFileReference; lastKnownFileType = image.jpeg; path = 00029_3272504.jpg; sourceTree = "<group>"; };
		A363663918DA942500A94D70 /* 00030_3272518.jpg */ = {isa = PBXFileReference; lastKnownFileType = image.jpeg; path = 00030_3272518.jpg; sourceTree = "<group>"; };
		A363663A18DA942500A94D70 /* 00031_3272535.jpg */ = {isa = PBXFileReference; lastKnownFileType = image.jpeg; path = 00031_3272535.jpg; sourceTree = "<group>"; };
		A363663B18DA942500A94D70 /* 00032_3272551.jpg */ = {isa = PBXFileReference; lastKnownFileType = image.jpeg; path = 00032_3272551.jpg; sourceTree = "<group>"; };
		A363663C18DA942500A94D70 /* 00033_3272569.jpg */ = {isa = PBXFileReference; lastKnownFileType = image.jpeg; path = 00033_3272569.jpg; sourceTree = "<group>"; };
		A363663D18DA942500A94D70 /* 00034_3272647.jpg */ = {isa = PBXFileReference; lastKnownFileType = image.jpeg; path = 00034_3272647.jpg; sourceTree = "<group>"; };
		A363663E18DA942500A94D70 /* 00035_3272686.jpg */ = {isa = PBXFileReference; lastKnownFileType = image.jpeg; path = 00035_3272686.jpg; sourceTree = "<group>"; };
		A363663F18DA942500A94D70 /* 00036_3272690.jpg */ = {isa = PBXFileReference; lastKnownFileType = image.jpeg; path = 00036_3272690.jpg; sourceTree = "<group>"; };
		A363664018DA942500A94D70 /* 00037_3272725.jpg */ = {isa = PBXFileReference; lastKnownFileType = image.jpeg; path = 00037_3272725.jpg; sourceTree = "<group>"; };
		A363664118DA942500A94D70 /* 00038_3272730.jpg */ = {isa = PBXFileReference; lastKnownFileType = image.jpeg; path = 00038_3272730.jpg; sourceTree = "<group>"; };
		A363664218DA942500A94D70 /* 00039_3272767.jpg */ = {isa = PBXFileReference; lastKnownFileType = image.jpeg; path = 00039_3272767.jpg; sourceTree = "<group>"; };
		A363664318DA942500A94D70 /* 00040_3272783.jpg */ = {isa = PBXFileReference; lastKnownFileType = image.jpeg; path = 00040_3272783.jpg; sourceTree = "<group>"; };
		A363664418DA942500A94D70 /* 00041_3272809.jpg */ = {isa = PBXFileReference; lastKnownFileType = image.jpeg; path = 00041_3272809.jpg; sourceTree = "<group>"; };
		A363664518DA942500A94D70 /* 00042_3272824.jpg */ = {isa = PBXFileReference; lastKnownFileType = image.jpeg; path = 00042_3272824.jpg; sourceTree = "<group>"; };
		A363664618DA942500A94D70 /* 00043_3272867.jpg */ = {isa = PBXFileReference; lastKnownFileType = image.jpeg; path = 00043_3272867.jpg; sourceTree = "<group>"; };
		A363664718DA942500A94D70 /* Arechino (sibs)__3271568.jpg */ = {isa = PBXFileReference; lastKnownFileType = image.jpeg; path = "Arechino (sibs)__3271568.jpg"; sourceTree = "<group>"; };
		A363664818DA942500A94D70 /* Arechino (sibs)__3271571.jpg */ = {isa = PBXFileReference; lastKnownFileType = image.jpeg; path = "Arechino (sibs)__3271571.jpg"; sourceTree = "<group>"; };
		A363664918DA942500A94D70 /* Belmatch__3271584.jpg */ = {isa = PBXFileReference; lastKnownFileType = image.jpeg; path = Belmatch__3271584.jpg; sourceTree = "<group>"; };
		A363664A18DA942500A94D70 /* Belmatch__3271603.jpg */ = {isa = PBXFileReference; lastKnownFileType = image.jpeg; path = Belmatch__3271603.jpg; sourceTree = "<group>"; };
		A363664B18DA942500A94D70 /* Belmatch__3272181.jpg */ = {isa = PBXFileReference; lastKnownFileType = image.jpeg; path = Belmatch__3272181.jpg; sourceTree = "<group>"; };
		A363664C18DA942500A94D70 /* Bianco__3272212.jpg */ = {isa = PBXFileReference; lastKnownFileType = image.jpeg; path = Bianco__3272212.jpg; sourceTree = "<group>"; };
		A363664D18DA942500A94D70 /* Derleth__3271629.jpg */ = {isa = PBXFileReference; lastKnownFileType = image.jpeg; path = Derleth__3271629.jpg; sourceTree = "<group>"; };
		A363664E18DA942500A94D70 /* Derleth__3271743.jpg */ = {isa = PBXFileReference; lastKnownFileType = image.jpeg; path = Derleth__3271743.jpg; sourceTree = "<group>"; };
		A363664F18DA942500A94D70 /* Lo Presti__3271316.jpg */ = {isa = PBXFileReference; lastKnownFileType = image.jpeg; path = "Lo Presti__3271316.jpg"; sourceTree = "<group>"; };
		A363665018DA942500A94D70 /* Solnsteva__3271462.jpg */ = {isa = PBXFileReference; lastKnownFileType = image.jpeg; path = Solnsteva__3271462.jpg; sourceTree = "<group>"; };
		A3B9057018D627EE00E8FE21 /* eventsBckgrd@2x.png */ = {isa = PBXFileReference; lastKnownFileType = image.png; path = "eventsBckgrd@2x.png"; sourceTree = "<group>"; };
		A3B9057918D7C66700E8FE21 /* UIImage+BoxBlur.h */ = {isa = PBXFileReference; fileEncoding = 4; lastKnownFileType = sourcecode.c.h; path = "UIImage+BoxBlur.h"; sourceTree = "<group>"; };
		A3B9057A18D7C66700E8FE21 /* UIImage+BoxBlur.m */ = {isa = PBXFileReference; fileEncoding = 4; lastKnownFileType = sourcecode.c.objc; path = "UIImage+BoxBlur.m"; sourceTree = "<group>"; };
		A3B9057B18D7C66700E8FE21 /* UIERealTimeBlurView.h */ = {isa = PBXFileReference; fileEncoding = 4; lastKnownFileType = sourcecode.c.h; path = UIERealTimeBlurView.h; sourceTree = "<group>"; };
		A3B9057C18D7C66700E8FE21 /* UIERealTimeBlurView.m */ = {isa = PBXFileReference; fileEncoding = 4; lastKnownFileType = sourcecode.c.objc; path = UIERealTimeBlurView.m; sourceTree = "<group>"; };
		A3B9057F18D7C6D400E8FE21 /* Accelerate.framework */ = {isa = PBXFileReference; lastKnownFileType = wrapper.framework; name = Accelerate.framework; path = System/Library/Frameworks/Accelerate.framework; sourceTree = SDKROOT; };
		A3B9058518D93E3900E8FE21 /* ScheduleTableViewCell.h */ = {isa = PBXFileReference; fileEncoding = 4; lastKnownFileType = sourcecode.c.h; path = ScheduleTableViewCell.h; sourceTree = "<group>"; };
		A3B9058618D93E3900E8FE21 /* ScheduleTableViewCell.m */ = {isa = PBXFileReference; fileEncoding = 4; lastKnownFileType = sourcecode.c.objc; path = ScheduleTableViewCell.m; sourceTree = "<group>"; };
		A3B9058718D93E3900E8FE21 /* ScheduleTableViewCell.xib */ = {isa = PBXFileReference; fileEncoding = 4; lastKnownFileType = file.xib; path = ScheduleTableViewCell.xib; sourceTree = "<group>"; };
		A3B9058A18DA026D00E8FE21 /* starButton.png */ = {isa = PBXFileReference; lastKnownFileType = image.png; path = starButton.png; sourceTree = "<group>"; };
		A3B9058C18DA3E7200E8FE21 /* starButton9Stroke.png */ = {isa = PBXFileReference; lastKnownFileType = image.png; path = starButton9Stroke.png; sourceTree = "<group>"; };
		A3BA604518C927B20023587E /* XCTest.framework */ = {isa = PBXFileReference; lastKnownFileType = wrapper.framework; path = XCTest.framework; sourceTree = "<group>"; };
		A3BA604818C928910023587E /* APLTransitionController.h */ = {isa = PBXFileReference; fileEncoding = 4; lastKnownFileType = sourcecode.c.h; path = APLTransitionController.h; sourceTree = "<group>"; };
		A3BA604918C928910023587E /* APLTransitionController.m */ = {isa = PBXFileReference; fileEncoding = 4; lastKnownFileType = sourcecode.c.objc; path = APLTransitionController.m; sourceTree = "<group>"; };
		A3BA604B18C9289B0023587E /* APLCollectionViewController.h */ = {isa = PBXFileReference; fileEncoding = 4; lastKnownFileType = sourcecode.c.h; path = APLCollectionViewController.h; sourceTree = "<group>"; };
		A3BA604C18C9289B0023587E /* APLCollectionViewController.m */ = {isa = PBXFileReference; fileEncoding = 4; lastKnownFileType = sourcecode.c.objc; path = APLCollectionViewController.m; sourceTree = "<group>"; };
		A3BA604E18C94AAB0023587E /* CollectionViewTransition-Prefix.pch */ = {isa = PBXFileReference; fileEncoding = 4; lastKnownFileType = sourcecode.c.h; name = "CollectionViewTransition-Prefix.pch"; path = "../CollectionViewTransition-Prefix.pch"; sourceTree = "<group>"; };
		A3FB571118C8C2A300634794 /* eventsBckgrd.png */ = {isa = PBXFileReference; lastKnownFileType = image.png; path = eventsBckgrd.png; sourceTree = "<group>"; };
		A3FB571418C8C3AD00634794 /* ARCHelper.h */ = {isa = PBXFileReference; fileEncoding = 4; lastKnownFileType = sourcecode.c.h; path = ARCHelper.h; sourceTree = "<group>"; };
		A3FB571518C8C3AD00634794 /* UzysSMMenuItem.h */ = {isa = PBXFileReference; fileEncoding = 4; lastKnownFileType = sourcecode.c.h; path = UzysSMMenuItem.h; sourceTree = "<group>"; };
		A3FB571618C8C3AD00634794 /* UzysSMMenuItem.m */ = {isa = PBXFileReference; fileEncoding = 4; lastKnownFileType = sourcecode.c.objc; path = UzysSMMenuItem.m; sourceTree = "<group>"; };
		A3FB571718C8C3AD00634794 /* UzysSMMenuItemView.h */ = {isa = PBXFileReference; fileEncoding = 4; lastKnownFileType = sourcecode.c.h; path = UzysSMMenuItemView.h; sourceTree = "<group>"; };
		A3FB571818C8C3AD00634794 /* UzysSMMenuItemView.m */ = {isa = PBXFileReference; fileEncoding = 4; lastKnownFileType = sourcecode.c.objc; path = UzysSMMenuItemView.m; sourceTree = "<group>"; };
		A3FB571918C8C3AD00634794 /* UzysSMMenuItemView.xib */ = {isa = PBXFileReference; fileEncoding = 4; lastKnownFileType = file.xib; path = UzysSMMenuItemView.xib; sourceTree = "<group>"; };
		A3FB571A18C8C3AD00634794 /* UzysSlideMenu.h */ = {isa = PBXFileReference; fileEncoding = 4; lastKnownFileType = sourcecode.c.h; path = UzysSlideMenu.h; sourceTree = "<group>"; };
		A3FB571B18C8C3AD00634794 /* UzysSlideMenu.m */ = {isa = PBXFileReference; fileEncoding = 4; lastKnownFileType = sourcecode.c.objc; path = UzysSlideMenu.m; sourceTree = "<group>"; };
		A3FB572018C8D37E00634794 /* a0@2x.png */ = {isa = PBXFileReference; lastKnownFileType = image.png; path = "a0@2x.png"; sourceTree = "<group>"; };
		A3FB572118C8D37E00634794 /* a1@2x.png */ = {isa = PBXFileReference; lastKnownFileType = image.png; path = "a1@2x.png"; sourceTree = "<group>"; };
		A3FB572218C8D37E00634794 /* a2@2x.png */ = {isa = PBXFileReference; lastKnownFileType = image.png; path = "a2@2x.png"; sourceTree = "<group>"; };
/* End PBXFileReference section */

/* Begin PBXFrameworksBuildPhase section */
		443C81F716F6A56800DE5D85 /* Frameworks */ = {
			isa = PBXFrameworksBuildPhase;
			buildActionMask = 2147483647;
			files = (
				A3B9058018D7C6D400E8FE21 /* Accelerate.framework in Frameworks */,
				4461C2E016F8436700196347 /* QuartzCore.framework in Frameworks */,
				85F44C0818DB24FE00AB6846 /* QuartzCore.framework in Frameworks */,
				85F44BFE18DB24FE00AB6846 /* libz.dylib in Frameworks */,
				85F44BFD18DB24FE00AB6846 /* MessageUI.framework in Frameworks */,
				85F44C0118DB24FE00AB6846 /* CFNetwork.framework in Frameworks */,
				85F44C0518DB24FE00AB6846 /* UIKit.framework in Frameworks */,
				443C81FE16F6A56800DE5D85 /* UIKit.framework in Frameworks */,
				85F44C0318DB24FE00AB6846 /* AddressBook.framework in Frameworks */,
				85F44C0418DB24FE00AB6846 /* MapKit.framework in Frameworks */,
				443C820016F6A56800DE5D85 /* Foundation.framework in Frameworks */,
				85F44C0618DB24FE00AB6846 /* Foundation.framework in Frameworks */,
				85F44C0018DB24FE00AB6846 /* MobileCoreServices.framework in Frameworks */,
				85F44C0718DB24FE00AB6846 /* CoreGraphics.framework in Frameworks */,
				85F44BFF18DB24FE00AB6846 /* SystemConfiguration.framework in Frameworks */,
				85F44C0218DB24FE00AB6846 /* CoreImage.framework in Frameworks */,
				443C820216F6A56800DE5D85 /* CoreGraphics.framework in Frameworks */,
			);
			runOnlyForDeploymentPostprocessing = 0;
		};
		443C821616F6A56900DE5D85 /* Frameworks */ = {
			isa = PBXFrameworksBuildPhase;
			buildActionMask = 2147483647;
			files = (
				443C821C16F6A56900DE5D85 /* SenTestingKit.framework in Frameworks */,
				443C821D16F6A56900DE5D85 /* UIKit.framework in Frameworks */,
				443C821E16F6A56900DE5D85 /* Foundation.framework in Frameworks */,
			);
			runOnlyForDeploymentPostprocessing = 0;
		};
/* End PBXFrameworksBuildPhase section */

/* Begin PBXGroup section */
		443C81F116F6A56800DE5D85 = {
			isa = PBXGroup;
			children = (
				85F44BAA18DB24C800AB6846 /* Library */,
				85F44BCF18DB24C800AB6846 /* Utilities */,
				A3B9057818D7C5FC00E8FE21 /* Blur */,
				A351836518CEA008002652C6 /* multiStageTableView */,
				A35182F418CAC197002652C6 /* event */,
				A3BA604718C928380023587E /* CollectionViewTransition */,
				A3FB571318C8C36900634794 /* view1SlideMenu */,
				443C824916F6A6E800DE5D85 /* bedazzleMenuViewController */,
				443C820316F6A56800DE5D85 /* bedazzleMenu */,
				443C822116F6A56900DE5D85 /* bedazzleMenuTests */,
				443C81FC16F6A56800DE5D85 /* Frameworks */,
				443C81FB16F6A56800DE5D85 /* Products */,
			);
			sourceTree = "<group>";
		};
		443C81FB16F6A56800DE5D85 /* Products */ = {
			isa = PBXGroup;
			children = (
				443C81FA16F6A56800DE5D85 /* Bedazzle.app */,
				443C821A16F6A56900DE5D85 /* BedazzleTests.octest */,
			);
			name = Products;
			sourceTree = "<group>";
		};
		443C81FC16F6A56800DE5D85 /* Frameworks */ = {
			isa = PBXGroup;
			children = (
				85F44BF118DB24FE00AB6846 /* MessageUI.framework */,
				85F44BF218DB24FE00AB6846 /* libz.dylib */,
				85F44BF318DB24FE00AB6846 /* SystemConfiguration.framework */,
				85F44BF418DB24FE00AB6846 /* MobileCoreServices.framework */,
				85F44BF518DB24FE00AB6846 /* CFNetwork.framework */,
				85F44BF618DB24FE00AB6846 /* CoreImage.framework */,
				85F44BF718DB24FE00AB6846 /* AddressBook.framework */,
				85F44BF818DB24FE00AB6846 /* MapKit.framework */,
				85F44BF918DB24FE00AB6846 /* UIKit.framework */,
				85F44BFA18DB24FE00AB6846 /* Foundation.framework */,
				85F44BFB18DB24FE00AB6846 /* CoreGraphics.framework */,
				85F44BFC18DB24FE00AB6846 /* QuartzCore.framework */,
				A3B9057F18D7C6D400E8FE21 /* Accelerate.framework */,
				A3BA604518C927B20023587E /* XCTest.framework */,
				4461C2DF16F8436700196347 /* QuartzCore.framework */,
				443C81FD16F6A56800DE5D85 /* UIKit.framework */,
				443C81FF16F6A56800DE5D85 /* Foundation.framework */,
				443C820116F6A56800DE5D85 /* CoreGraphics.framework */,
				443C821B16F6A56900DE5D85 /* SenTestingKit.framework */,
			);
			name = Frameworks;
			sourceTree = "<group>";
		};
		443C820316F6A56800DE5D85 /* bedazzleMenu */ = {
			isa = PBXGroup;
			children = (
				A35182E518C9F0C0002652C6 /* PictureViewController.h */,
				A35182E618C9F0C0002652C6 /* PictureViewController.m */,
				A35182E718C9F0C0002652C6 /* PictureViewController.xib */,
				A3334F8F18C42DEC00B72862 /* view5ViewController.h */,
				A3334F9018C42DEC00B72862 /* view5ViewController.m */,
				A3334F9118C42DEC00B72862 /* view5ViewController.xib */,
				443C824116F6A69900DE5D85 /* view4ViewController.h */,
				443C824216F6A69900DE5D85 /* view4ViewController.m */,
				443C824316F6A69900DE5D85 /* view4ViewController.xib */,
				443C823C16F6A67F00DE5D85 /* view3ViewController.h */,
				443C823D16F6A67F00DE5D85 /* view3ViewController.m */,
				443C823E16F6A67F00DE5D85 /* view3ViewController.xib */,
				443C823716F6A66000DE5D85 /* view2ViewController.h */,
				443C823816F6A66000DE5D85 /* view2ViewController.m */,
				443C823916F6A66000DE5D85 /* view2ViewController.xib */,
				443C823216F6A62E00DE5D85 /* view1ViewController.h */,
				443C823316F6A62E00DE5D85 /* view1ViewController.m */,
				443C823416F6A62E00DE5D85 /* view1ViewController.xib */,
				443C820C16F6A56800DE5D85 /* AppDelegate.h */,
				443C820D16F6A56800DE5D85 /* AppDelegate.m */,
				443C820416F6A56800DE5D85 /* Supporting Files */,
			);
			name = bedazzleMenu;
			path = 4quareMenu;
			sourceTree = "<group>";
		};
		443C820416F6A56800DE5D85 /* Supporting Files */ = {
			isa = PBXGroup;
			children = (
				A3B9058C18DA3E7200E8FE21 /* starButton9Stroke.png */,
				A3FB572018C8D37E00634794 /* a0@2x.png */,
				A3FB572118C8D37E00634794 /* a1@2x.png */,
				A3FB572218C8D37E00634794 /* a2@2x.png */,
				A3B9058A18DA026D00E8FE21 /* starButton.png */,
				A3B9057018D627EE00E8FE21 /* eventsBckgrd@2x.png */,
				A3FB571118C8C2A300634794 /* eventsBckgrd.png */,
				8594054B18C88CF3004681B2 /* bedazzleStar.png */,
				8594054718C86C4B004681B2 /* topCenter_n@2x.png */,
				8594054818C86C4B004681B2 /* topCenter_h@2x.png */,
				441B237E16FC41C2009FAEA7 /* bottomLeft_h@2x.png */,
				441B237F16FC41C2009FAEA7 /* bottomLeft_n@2x.png */,
				441B238016FC41C2009FAEA7 /* bottomRight_h@2x.png */,
				441B238116FC41C2009FAEA7 /* bottomRight_n@2x.png */,
				441B238216FC41C2009FAEA7 /* topLeft_h@2x.png */,
				441B238316FC41C2009FAEA7 /* topLeft_n@2x.png */,
				441B238416FC41C2009FAEA7 /* topRight_h@2x.png */,
				441B238516FC41C2009FAEA7 /* topRight_n@2x.png */,
				441B237C16FC3180009FAEA7 /* centerImage@2x.png */,
				443C820516F6A56800DE5D85 /* Bedazzle-Info.plist */,
				443C820616F6A56800DE5D85 /* InfoPlist.strings */,
				443C820916F6A56800DE5D85 /* main.m */,
				443C820B16F6A56800DE5D85 /* Bedazzle-Prefix.pch */,
				443C820F16F6A56800DE5D85 /* Default.png */,
				443C821116F6A56800DE5D85 /* Default@2x.png */,
				443C821316F6A56800DE5D85 /* Default-568h@2x.png */,
				A3BA604E18C94AAB0023587E /* CollectionViewTransition-Prefix.pch */,
				A363661C18DA942500A94D70 /* 00001_3271343.jpg */,
				A363661D18DA942500A94D70 /* 00002_3271358.jpg */,
				A363661E18DA942500A94D70 /* 00003_3271404.jpg */,
				A363661F18DA942500A94D70 /* 00004_3271411.jpg */,
				A363662018DA942500A94D70 /* 00005_3271501.jpg */,
				A363662118DA942500A94D70 /* 00006_3271538.jpg */,
				A363662218DA942500A94D70 /* 00007_3271595.jpg */,
				A363662318DA942500A94D70 /* 00008_3271606.jpg */,
				A363662418DA942500A94D70 /* 00009_3271626.jpg */,
				A363662518DA942500A94D70 /* 00010_3271649.jpg */,
				A363662618DA942500A94D70 /* 00011_3271655.jpg */,
				A363662718DA942500A94D70 /* 00012_3271717.jpg */,
				A363662818DA942500A94D70 /* 00013_3271752.jpg */,
				A363662918DA942500A94D70 /* 00014_3271792.jpg */,
				A363662A18DA942500A94D70 /* 00015_3271845.jpg */,
				A363662B18DA942500A94D70 /* 00016_3271869.jpg */,
				A363662C18DA942500A94D70 /* 00017_3271909.jpg */,
				A363662D18DA942500A94D70 /* 00018_3271775.jpg */,
				A363662E18DA942500A94D70 /* 00019_3271849.jpg */,
				A363662F18DA942500A94D70 /* 00020_3272101.jpg */,
				A363663018DA942500A94D70 /* 00021_3272162.jpg */,
				A363663118DA942500A94D70 /* 00022_3272267.jpg */,
				A363663218DA942500A94D70 /* 00023_3272314.jpg */,
				A363663318DA942500A94D70 /* 00024_3272334.jpg */,
				A363663418DA942500A94D70 /* 00025_3272351.jpg */,
				A363663518DA942500A94D70 /* 00026_3272402.jpg */,
				A363663618DA942500A94D70 /* 00027_3272417.jpg */,
				A363663718DA942500A94D70 /* 00028_3272472.jpg */,
				A363663818DA942500A94D70 /* 00029_3272504.jpg */,
				A363663918DA942500A94D70 /* 00030_3272518.jpg */,
				A363663A18DA942500A94D70 /* 00031_3272535.jpg */,
				A363663B18DA942500A94D70 /* 00032_3272551.jpg */,
				A363663C18DA942500A94D70 /* 00033_3272569.jpg */,
				A363663D18DA942500A94D70 /* 00034_3272647.jpg */,
				A363663E18DA942500A94D70 /* 00035_3272686.jpg */,
				A363663F18DA942500A94D70 /* 00036_3272690.jpg */,
				A363664018DA942500A94D70 /* 00037_3272725.jpg */,
				A363664118DA942500A94D70 /* 00038_3272730.jpg */,
				A363664218DA942500A94D70 /* 00039_3272767.jpg */,
				A363664318DA942500A94D70 /* 00040_3272783.jpg */,
				A363664418DA942500A94D70 /* 00041_3272809.jpg */,
				A363664518DA942500A94D70 /* 00042_3272824.jpg */,
				A363664618DA942500A94D70 /* 00043_3272867.jpg */,
				A363664718DA942500A94D70 /* Arechino (sibs)__3271568.jpg */,
				A363664818DA942500A94D70 /* Arechino (sibs)__3271571.jpg */,
				A363664918DA942500A94D70 /* Belmatch__3271584.jpg */,
				A363664A18DA942500A94D70 /* Belmatch__3271603.jpg */,
				A363664B18DA942500A94D70 /* Belmatch__3272181.jpg */,
				A363664C18DA942500A94D70 /* Bianco__3272212.jpg */,
				A363664D18DA942500A94D70 /* Derleth__3271629.jpg */,
				A363664E18DA942500A94D70 /* Derleth__3271743.jpg */,
				A363664F18DA942500A94D70 /* Lo Presti__3271316.jpg */,
				A363665018DA942500A94D70 /* Solnsteva__3271462.jpg */,
			);
			name = "Supporting Files";
			sourceTree = "<group>";
		};
		443C822116F6A56900DE5D85 /* bedazzleMenuTests */ = {
			isa = PBXGroup;
			children = (
				443C822716F6A56900DE5D85 /* _quareMenuTests.h */,
				443C822816F6A56900DE5D85 /* _quareMenuTests.m */,
				443C822216F6A56900DE5D85 /* Supporting Files */,
			);
			name = bedazzleMenuTests;
			path = 4quareMenuTests;
			sourceTree = "<group>";
		};
		443C822216F6A56900DE5D85 /* Supporting Files */ = {
			isa = PBXGroup;
			children = (
				443C822316F6A56900DE5D85 /* BedazzleTests-Info.plist */,
				443C822416F6A56900DE5D85 /* InfoPlist.strings */,
			);
			name = "Supporting Files";
			sourceTree = "<group>";
		};
		443C824916F6A6E800DE5D85 /* bedazzleMenuViewController */ = {
			isa = PBXGroup;
			children = (
				443C824616F6A6E000DE5D85 /* Quare4MenuViewController.h */,
				443C824716F6A6E000DE5D85 /* Quare4MenuViewController.m */,
				440D3C0116FAF7AC00535AC4 /* MaskView.h */,
				440D3C0216FAF7AC00535AC4 /* MaskView.m */,
			);
			name = bedazzleMenuViewController;
			sourceTree = "<group>";
		};
		85F44BAA18DB24C800AB6846 /* Library */ = {
			isa = PBXGroup;
			children = (
				85F44BAB18DB24C800AB6846 /* ASIHTTPRequest */,
				85F44BC018DB24C800AB6846 /* JSON */,
				85F44BCC18DB24C800AB6846 /* Reachability */,
			);
			path = Library;
			sourceTree = "<group>";
		};
		85F44BAB18DB24C800AB6846 /* ASIHTTPRequest */ = {
			isa = PBXGroup;
			children = (
				85F44BAC18DB24C800AB6846 /* ASIAuthenticationDialog.h */,
				85F44BAD18DB24C800AB6846 /* ASIAuthenticationDialog.m */,
				85F44BAE18DB24C800AB6846 /* ASICacheDelegate.h */,
				85F44BAF18DB24C800AB6846 /* ASIDataCompressor.h */,
				85F44BB018DB24C800AB6846 /* ASIDataCompressor.m */,
				85F44BB118DB24C800AB6846 /* ASIDataDecompressor.h */,
				85F44BB218DB24C800AB6846 /* ASIDataDecompressor.m */,
				85F44BB318DB24C800AB6846 /* ASIDownloadCache.h */,
				85F44BB418DB24C800AB6846 /* ASIDownloadCache.m */,
				85F44BB518DB24C800AB6846 /* ASIFormDataRequest.h */,
				85F44BB618DB24C800AB6846 /* ASIFormDataRequest.m */,
				85F44BB718DB24C800AB6846 /* ASIHTTPRequest.h */,
				85F44BB818DB24C800AB6846 /* ASIHTTPRequest.m */,
				85F44BB918DB24C800AB6846 /* ASIHTTPRequestConfig.h */,
				85F44BBA18DB24C800AB6846 /* ASIHTTPRequestDelegate.h */,
				85F44BBB18DB24C800AB6846 /* ASIInputStream.h */,
				85F44BBC18DB24C800AB6846 /* ASIInputStream.m */,
				85F44BBD18DB24C800AB6846 /* ASINetworkQueue.h */,
				85F44BBE18DB24C800AB6846 /* ASINetworkQueue.m */,
				85F44BBF18DB24C800AB6846 /* ASIProgressDelegate.h */,
			);
			path = ASIHTTPRequest;
			sourceTree = "<group>";
		};
		85F44BC018DB24C800AB6846 /* JSON */ = {
			isa = PBXGroup;
			children = (
				85F44BC118DB24C800AB6846 /* JSON.h */,
				85F44BC218DB24C800AB6846 /* NSObject+SBJSON.h */,
				85F44BC318DB24C800AB6846 /* NSObject+SBJSON.m */,
				85F44BC418DB24C800AB6846 /* NSString+SBJSON.h */,
				85F44BC518DB24C800AB6846 /* NSString+SBJSON.m */,
				85F44BC618DB24C800AB6846 /* SBJsonBase.h */,
				85F44BC718DB24C800AB6846 /* SBJsonBase.m */,
				85F44BC818DB24C800AB6846 /* SBJsonParser.h */,
				85F44BC918DB24C800AB6846 /* SBJsonParser.m */,
				85F44BCA18DB24C800AB6846 /* SBJsonWriter.h */,
				85F44BCB18DB24C800AB6846 /* SBJsonWriter.m */,
			);
			path = JSON;
			sourceTree = "<group>";
		};
		85F44BCC18DB24C800AB6846 /* Reachability */ = {
			isa = PBXGroup;
			children = (
				85F44BCD18DB24C800AB6846 /* Reachability.h */,
				85F44BCE18DB24C800AB6846 /* Reachability.m */,
			);
			path = Reachability;
			sourceTree = "<group>";
		};
		85F44BCF18DB24C800AB6846 /* Utilities */ = {
			isa = PBXGroup;
			children = (
				85F44BD018DB24C800AB6846 /* define.h */,
				85F44BD118DB24C800AB6846 /* GlobalObject.h */,
				85F44BD218DB24C800AB6846 /* GlobalObject.m */,
				85F44BD318DB24C800AB6846 /* NetworkActivityIndicator.h */,
				85F44BD418DB24C800AB6846 /* NetworkActivityIndicator.m */,
				85F44BD518DB24C800AB6846 /* ServiceManager.h */,
				85F44BD618DB24C800AB6846 /* ServiceManager.m */,
				85F44BD718DB24C800AB6846 /* SVProgressHUD */,
				85F44BDB18DB24C800AB6846 /* Util.h */,
				85F44BDC18DB24C800AB6846 /* Util.m */,
			);
			path = Utilities;
			sourceTree = "<group>";
		};
		85F44BD718DB24C800AB6846 /* SVProgressHUD */ = {
			isa = PBXGroup;
			children = (
				85F44BD818DB24C800AB6846 /* SVProgressHUD.bundle */,
				85F44BD918DB24C800AB6846 /* SVProgressHUD.h */,
				85F44BDA18DB24C800AB6846 /* SVProgressHUD.m */,
			);
			path = SVProgressHUD;
			sourceTree = "<group>";
		};
		A35182F418CAC197002652C6 /* event */ = {
			isa = PBXGroup;
			children = (
				A351830018CACA36002652C6 /* UIColor+FlatUI.h */,
				A351830118CACA36002652C6 /* UIColor+FlatUI.m */,
			);
			name = event;
			sourceTree = "<group>";
		};
		A351836518CEA008002652C6 /* multiStageTableView */ = {
			isa = PBXGroup;
			children = (
				A351836618CEA020002652C6 /* TQMultistageTableView.h */,
				A351836718CEA020002652C6 /* TQMultistageTableView.m */,
				A3B9058518D93E3900E8FE21 /* ScheduleTableViewCell.h */,
				A3B9058618D93E3900E8FE21 /* ScheduleTableViewCell.m */,
				A3B9058718D93E3900E8FE21 /* ScheduleTableViewCell.xib */,
				85F44C0918DB325800AB6846 /* MessageTableViewCell.h */,
				85F44C0A18DB325800AB6846 /* MessageTableViewCell.m */,
				85F44C0B18DB325800AB6846 /* MessageTableViewCell.xib */,
			);
			name = multiStageTableView;
			sourceTree = "<group>";
		};
		A3B9057818D7C5FC00E8FE21 /* Blur */ = {
			isa = PBXGroup;
			children = (
				A3B9057918D7C66700E8FE21 /* UIImage+BoxBlur.h */,
				A3B9057A18D7C66700E8FE21 /* UIImage+BoxBlur.m */,
				A3B9057B18D7C66700E8FE21 /* UIERealTimeBlurView.h */,
				A3B9057C18D7C66700E8FE21 /* UIERealTimeBlurView.m */,
			);
			name = Blur;
			sourceTree = "<group>";
		};
		A3BA604718C928380023587E /* CollectionViewTransition */ = {
			isa = PBXGroup;
			children = (
				A3BA604B18C9289B0023587E /* APLCollectionViewController.h */,
				A3BA604C18C9289B0023587E /* APLCollectionViewController.m */,
				A3BA604818C928910023587E /* APLTransitionController.h */,
				A3BA604918C928910023587E /* APLTransitionController.m */,
			);
			name = CollectionViewTransition;
			sourceTree = "<group>";
		};
		A3FB571318C8C36900634794 /* view1SlideMenu */ = {
			isa = PBXGroup;
			children = (
				A3FB571418C8C3AD00634794 /* ARCHelper.h */,
				A3FB571518C8C3AD00634794 /* UzysSMMenuItem.h */,
				A3FB571618C8C3AD00634794 /* UzysSMMenuItem.m */,
				A3FB571718C8C3AD00634794 /* UzysSMMenuItemView.h */,
				A3FB571818C8C3AD00634794 /* UzysSMMenuItemView.m */,
				A3FB571918C8C3AD00634794 /* UzysSMMenuItemView.xib */,
				A3FB571A18C8C3AD00634794 /* UzysSlideMenu.h */,
				A3FB571B18C8C3AD00634794 /* UzysSlideMenu.m */,
			);
			name = view1SlideMenu;
			sourceTree = "<group>";
		};
/* End PBXGroup section */

/* Begin PBXNativeTarget section */
		443C81F916F6A56800DE5D85 /* Bedazzle */ = {
			isa = PBXNativeTarget;
			buildConfigurationList = 443C822C16F6A56900DE5D85 /* Build configuration list for PBXNativeTarget "Bedazzle" */;
			buildPhases = (
				443C81F616F6A56800DE5D85 /* Sources */,
				443C81F716F6A56800DE5D85 /* Frameworks */,
				443C81F816F6A56800DE5D85 /* Resources */,
			);
			buildRules = (
			);
			dependencies = (
			);
			name = Bedazzle;
			productName = 4quareMenu;
			productReference = 443C81FA16F6A56800DE5D85 /* Bedazzle.app */;
			productType = "com.apple.product-type.application";
		};
		443C821916F6A56900DE5D85 /* BedazzleTests */ = {
			isa = PBXNativeTarget;
			buildConfigurationList = 443C822F16F6A56900DE5D85 /* Build configuration list for PBXNativeTarget "BedazzleTests" */;
			buildPhases = (
				443C821516F6A56900DE5D85 /* Sources */,
				443C821616F6A56900DE5D85 /* Frameworks */,
				443C821716F6A56900DE5D85 /* Resources */,
				443C821816F6A56900DE5D85 /* ShellScript */,
			);
			buildRules = (
			);
			dependencies = (
				443C822016F6A56900DE5D85 /* PBXTargetDependency */,
			);
			name = BedazzleTests;
			productName = 4quareMenuTests;
			productReference = 443C821A16F6A56900DE5D85 /* BedazzleTests.octest */;
			productType = "com.apple.product-type.bundle";
		};
/* End PBXNativeTarget section */

/* Begin PBXProject section */
		443C81F216F6A56800DE5D85 /* Project object */ = {
			isa = PBXProject;
			attributes = {
				LastUpgradeCheck = 0460;
				ORGANIZATIONNAME = "chen daozhao";
				TargetAttributes = {
					443C821916F6A56900DE5D85 = {
						TestTargetID = 443C81F916F6A56800DE5D85;
					};
				};
			};
			buildConfigurationList = 443C81F516F6A56800DE5D85 /* Build configuration list for PBXProject "Bedazzle" */;
			compatibilityVersion = "Xcode 3.2";
			developmentRegion = English;
			hasScannedForEncodings = 0;
			knownRegions = (
				en,
			);
			mainGroup = 443C81F116F6A56800DE5D85;
			productRefGroup = 443C81FB16F6A56800DE5D85 /* Products */;
			projectDirPath = "";
			projectRoot = "";
			targets = (
				443C81F916F6A56800DE5D85 /* Bedazzle */,
				443C821916F6A56900DE5D85 /* BedazzleTests */,
			);
		};
/* End PBXProject section */

/* Begin PBXResourcesBuildPhase section */
		443C81F816F6A56800DE5D85 /* Resources */ = {
			isa = PBXResourcesBuildPhase;
			buildActionMask = 2147483647;
			files = (
				443C820816F6A56800DE5D85 /* InfoPlist.strings in Resources */,
				A363667318DA942500A94D70 /* 00035_3272686.jpg in Resources */,
				443C821016F6A56800DE5D85 /* Default.png in Resources */,
				443C821216F6A56800DE5D85 /* Default@2x.png in Resources */,
				A3B9058D18DA3E7200E8FE21 /* starButton9Stroke.png in Resources */,
				A363665718DA942500A94D70 /* 00007_3271595.jpg in Resources */,
				A363666C18DA942500A94D70 /* 00028_3272472.jpg in Resources */,
				A3FB571218C8C2A300634794 /* eventsBckgrd.png in Resources */,
				A363667C18DA942500A94D70 /* Arechino (sibs)__3271568.jpg in Resources */,
				A363667118DA942500A94D70 /* 00033_3272569.jpg in Resources */,
				A363667D18DA942500A94D70 /* Arechino (sibs)__3271571.jpg in Resources */,
				A363666018DA942500A94D70 /* 00016_3271869.jpg in Resources */,
				A363665D18DA942500A94D70 /* 00013_3271752.jpg in Resources */,
				A363666D18DA942500A94D70 /* 00029_3272504.jpg in Resources */,
				A363667018DA942500A94D70 /* 00032_3272551.jpg in Resources */,
				A363668118DA942500A94D70 /* Bianco__3272212.jpg in Resources */,
				443C821416F6A56800DE5D85 /* Default-568h@2x.png in Resources */,
				A3B9058918D93E3900E8FE21 /* ScheduleTableViewCell.xib in Resources */,
				A3FB572518C8D37E00634794 /* a2@2x.png in Resources */,
				8594054918C86C4B004681B2 /* topCenter_n@2x.png in Resources */,
				A363665F18DA942500A94D70 /* 00015_3271845.jpg in Resources */,
				A363667E18DA942500A94D70 /* Belmatch__3271584.jpg in Resources */,
				A3FB571E18C8C3AD00634794 /* UzysSMMenuItemView.xib in Resources */,
				A363667718DA942500A94D70 /* 00039_3272767.jpg in Resources */,
				443C823616F6A62E00DE5D85 /* view1ViewController.xib in Resources */,
				443C823B16F6A66000DE5D85 /* view2ViewController.xib in Resources */,
				443C824016F6A67F00DE5D85 /* view3ViewController.xib in Resources */,
				A363665318DA942500A94D70 /* 00003_3271404.jpg in Resources */,
				A363666218DA942500A94D70 /* 00018_3271775.jpg in Resources */,
				A3334F9318C42DEC00B72862 /* view5ViewController.xib in Resources */,
				A363665B18DA942500A94D70 /* 00011_3271655.jpg in Resources */,
				A363667918DA942500A94D70 /* 00041_3272809.jpg in Resources */,
				A363666918DA942500A94D70 /* 00025_3272351.jpg in Resources */,
				A363667F18DA942500A94D70 /* Belmatch__3271603.jpg in Resources */,
				A363666318DA942500A94D70 /* 00019_3271849.jpg in Resources */,
				85F44C0D18DB325800AB6846 /* MessageTableViewCell.xib in Resources */,
				A363666A18DA942500A94D70 /* 00026_3272402.jpg in Resources */,
				A3B9058B18DA026D00E8FE21 /* starButton.png in Resources */,
				443C824516F6A69900DE5D85 /* view4ViewController.xib in Resources */,
				A363667818DA942500A94D70 /* 00040_3272783.jpg in Resources */,
				8594054A18C86C4B004681B2 /* topCenter_h@2x.png in Resources */,
				A363666418DA942500A94D70 /* 00020_3272101.jpg in Resources */,
				A363667418DA942500A94D70 /* 00036_3272690.jpg in Resources */,
				441B237D16FC3180009FAEA7 /* centerImage@2x.png in Resources */,
				A363668518DA942500A94D70 /* Solnsteva__3271462.jpg in Resources */,
				A363665418DA942500A94D70 /* 00004_3271411.jpg in Resources */,
				A363665A18DA942500A94D70 /* 00010_3271649.jpg in Resources */,
				441B238616FC41C2009FAEA7 /* bottomLeft_h@2x.png in Resources */,
				A3FB572318C8D37E00634794 /* a0@2x.png in Resources */,
				441B238716FC41C2009FAEA7 /* bottomLeft_n@2x.png in Resources */,
				A363665818DA942500A94D70 /* 00008_3271606.jpg in Resources */,
				A363665E18DA942500A94D70 /* 00014_3271792.jpg in Resources */,
				441B238816FC41C2009FAEA7 /* bottomRight_h@2x.png in Resources */,
				A363666618DA942500A94D70 /* 00022_3272267.jpg in Resources */,
				A363666B18DA942500A94D70 /* 00027_3272417.jpg in Resources */,
				A3FB572418C8D37E00634794 /* a1@2x.png in Resources */,
				A363665118DA942500A94D70 /* 00001_3271343.jpg in Resources */,
				441B238916FC41C2009FAEA7 /* bottomRight_n@2x.png in Resources */,
				A363665618DA942500A94D70 /* 00006_3271538.jpg in Resources */,
				441B238A16FC41C2009FAEA7 /* topLeft_h@2x.png in Resources */,
				A363667218DA942500A94D70 /* 00034_3272647.jpg in Resources */,
				A363668018DA942500A94D70 /* Belmatch__3272181.jpg in Resources */,
				A363667A18DA942500A94D70 /* 00042_3272824.jpg in Resources */,
				A363666F18DA942500A94D70 /* 00031_3272535.jpg in Resources */,
				A363665218DA942500A94D70 /* 00002_3271358.jpg in Resources */,
				A363667518DA942500A94D70 /* 00037_3272725.jpg in Resources */,
				A363668318DA942500A94D70 /* Derleth__3271743.jpg in Resources */,
				A363666118DA942500A94D70 /* 00017_3271909.jpg in Resources */,
				A363667B18DA942500A94D70 /* 00043_3272867.jpg in Resources */,
				A363668418DA942500A94D70 /* Lo Presti__3271316.jpg in Resources */,
				A3B9057118D627EE00E8FE21 /* eventsBckgrd@2x.png in Resources */,
				85F44BEE18DB24C800AB6846 /* SVProgressHUD.bundle in Resources */,
				441B238B16FC41C2009FAEA7 /* topLeft_n@2x.png in Resources */,
				A363665C18DA942500A94D70 /* 00012_3271717.jpg in Resources */,
				A363666518DA942500A94D70 /* 00021_3272162.jpg in Resources */,
				441B238C16FC41C2009FAEA7 /* topRight_h@2x.png in Resources */,
				A363666818DA942500A94D70 /* 00024_3272334.jpg in Resources */,
				A363665918DA942500A94D70 /* 00009_3271626.jpg in Resources */,
				A35182E918C9F0C0002652C6 /* PictureViewController.xib in Resources */,
				A363666E18DA942500A94D70 /* 00030_3272518.jpg in Resources */,
				A363666718DA942500A94D70 /* 00023_3272314.jpg in Resources */,
				441B238D16FC41C2009FAEA7 /* topRight_n@2x.png in Resources */,
				8594054C18C88CF3004681B2 /* bedazzleStar.png in Resources */,
				A363665518DA942500A94D70 /* 00005_3271501.jpg in Resources */,
				A363667618DA942500A94D70 /* 00038_3272730.jpg in Resources */,
				A363668218DA942500A94D70 /* Derleth__3271629.jpg in Resources */,
			);
			runOnlyForDeploymentPostprocessing = 0;
		};
		443C821716F6A56900DE5D85 /* Resources */ = {
			isa = PBXResourcesBuildPhase;
			buildActionMask = 2147483647;
			files = (
				443C822616F6A56900DE5D85 /* InfoPlist.strings in Resources */,
			);
			runOnlyForDeploymentPostprocessing = 0;
		};
/* End PBXResourcesBuildPhase section */

/* Begin PBXShellScriptBuildPhase section */
		443C821816F6A56900DE5D85 /* ShellScript */ = {
			isa = PBXShellScriptBuildPhase;
			buildActionMask = 2147483647;
			files = (
			);
			inputPaths = (
			);
			outputPaths = (
			);
			runOnlyForDeploymentPostprocessing = 0;
			shellPath = /bin/sh;
			shellScript = "# Run the unit tests in this test bundle.\n\"${SYSTEM_DEVELOPER_DIR}/Tools/RunUnitTests\"\n";
		};
/* End PBXShellScriptBuildPhase section */

/* Begin PBXSourcesBuildPhase section */
		443C81F616F6A56800DE5D85 /* Sources */ = {
			isa = PBXSourcesBuildPhase;
			buildActionMask = 2147483647;
			files = (
				85F44BE118DB24C800AB6846 /* ASIFormDataRequest.m in Sources */,
				A3FB571C18C8C3AD00634794 /* UzysSMMenuItem.m in Sources */,
				85F44BE718DB24C800AB6846 /* SBJsonBase.m in Sources */,
				A35182E818C9F0C0002652C6 /* PictureViewController.m in Sources */,
				A3B9058818D93E3900E8FE21 /* ScheduleTableViewCell.m in Sources */,
				85F44BE818DB24C800AB6846 /* SBJsonParser.m in Sources */,
				A351830218CACA36002652C6 /* UIColor+FlatUI.m in Sources */,
				85F44BEF18DB24C800AB6846 /* SVProgressHUD.m in Sources */,
				443C820A16F6A56800DE5D85 /* main.m in Sources */,
				A351836818CEA020002652C6 /* TQMultistageTableView.m in Sources */,
				A3BA604A18C928910023587E /* APLTransitionController.m in Sources */,
				A3B9057D18D7C66700E8FE21 /* UIImage+BoxBlur.m in Sources */,
				85F44BDE18DB24C800AB6846 /* ASIDataCompressor.m in Sources */,
				85F44BED18DB24C800AB6846 /* ServiceManager.m in Sources */,
				85F44BE618DB24C800AB6846 /* NSString+SBJSON.m in Sources */,
				85F44BE918DB24C800AB6846 /* SBJsonWriter.m in Sources */,
				A3FB571D18C8C3AD00634794 /* UzysSMMenuItemView.m in Sources */,
				85F44C0C18DB325800AB6846 /* MessageTableViewCell.m in Sources */,
				443C820E16F6A56800DE5D85 /* AppDelegate.m in Sources */,
				85F44BEB18DB24C800AB6846 /* GlobalObject.m in Sources */,
				85F44BEA18DB24C800AB6846 /* Reachability.m in Sources */,
				443C823516F6A62E00DE5D85 /* view1ViewController.m in Sources */,
				A3334F9218C42DEC00B72862 /* view5ViewController.m in Sources */,
				85F44BE518DB24C800AB6846 /* NSObject+SBJSON.m in Sources */,
				85F44BE318DB24C800AB6846 /* ASIInputStream.m in Sources */,
				443C823A16F6A66000DE5D85 /* view2ViewController.m in Sources */,
				85F44BE018DB24C800AB6846 /* ASIDownloadCache.m in Sources */,
				85F44BF018DB24C800AB6846 /* Util.m in Sources */,
				A3BA604D18C9289B0023587E /* APLCollectionViewController.m in Sources */,
				A3FB571F18C8C3AD00634794 /* UzysSlideMenu.m in Sources */,
				443C823F16F6A67F00DE5D85 /* view3ViewController.m in Sources */,
				85F44BE218DB24C800AB6846 /* ASIHTTPRequest.m in Sources */,
				443C824416F6A69900DE5D85 /* view4ViewController.m in Sources */,
				85F44BEC18DB24C800AB6846 /* NetworkActivityIndicator.m in Sources */,
				85F44BDF18DB24C800AB6846 /* ASIDataDecompressor.m in Sources */,
				A3B9057E18D7C66700E8FE21 /* UIERealTimeBlurView.m in Sources */,
				85F44BE418DB24C800AB6846 /* ASINetworkQueue.m in Sources */,
				443C824816F6A6E000DE5D85 /* Quare4MenuViewController.m in Sources */,
				85F44BDD18DB24C800AB6846 /* ASIAuthenticationDialog.m in Sources */,
				440D3C0316FAF7AC00535AC4 /* MaskView.m in Sources */,
			);
			runOnlyForDeploymentPostprocessing = 0;
		};
		443C821516F6A56900DE5D85 /* Sources */ = {
			isa = PBXSourcesBuildPhase;
			buildActionMask = 2147483647;
			files = (
				443C822916F6A56900DE5D85 /* _quareMenuTests.m in Sources */,
			);
			runOnlyForDeploymentPostprocessing = 0;
		};
/* End PBXSourcesBuildPhase section */

/* Begin PBXTargetDependency section */
		443C822016F6A56900DE5D85 /* PBXTargetDependency */ = {
			isa = PBXTargetDependency;
			target = 443C81F916F6A56800DE5D85 /* Bedazzle */;
			targetProxy = 443C821F16F6A56900DE5D85 /* PBXContainerItemProxy */;
		};
/* End PBXTargetDependency section */

/* Begin PBXVariantGroup section */
		443C820616F6A56800DE5D85 /* InfoPlist.strings */ = {
			isa = PBXVariantGroup;
			children = (
				443C820716F6A56800DE5D85 /* en */,
			);
			name = InfoPlist.strings;
			sourceTree = "<group>";
		};
		443C822416F6A56900DE5D85 /* InfoPlist.strings */ = {
			isa = PBXVariantGroup;
			children = (
				443C822516F6A56900DE5D85 /* en */,
			);
			name = InfoPlist.strings;
			sourceTree = "<group>";
		};
/* End PBXVariantGroup section */

/* Begin XCBuildConfiguration section */
		443C822A16F6A56900DE5D85 /* Debug */ = {
			isa = XCBuildConfiguration;
			buildSettings = {
				ALWAYS_SEARCH_USER_PATHS = NO;
				CLANG_CXX_LANGUAGE_STANDARD = "gnu++0x";
				CLANG_CXX_LIBRARY = "libc++";
				CLANG_ENABLE_OBJC_ARC = YES;
				CLANG_WARN_CONSTANT_CONVERSION = YES;
				CLANG_WARN_EMPTY_BODY = YES;
				CLANG_WARN_ENUM_CONVERSION = YES;
				CLANG_WARN_INT_CONVERSION = YES;
				CLANG_WARN__DUPLICATE_METHOD_MATCH = YES;
				"CODE_SIGN_IDENTITY[sdk=iphoneos*]" = "iPhone Developer";
				COPY_PHASE_STRIP = NO;
				GCC_C_LANGUAGE_STANDARD = gnu99;
				GCC_DYNAMIC_NO_PIC = NO;
				GCC_OPTIMIZATION_LEVEL = 0;
				GCC_PREPROCESSOR_DEFINITIONS = (
					"DEBUG=1",
					"$(inherited)",
				);
				GCC_SYMBOLS_PRIVATE_EXTERN = NO;
				GCC_WARN_ABOUT_RETURN_TYPE = YES;
				GCC_WARN_UNINITIALIZED_AUTOS = YES;
				GCC_WARN_UNUSED_VARIABLE = YES;
				IPHONEOS_DEPLOYMENT_TARGET = 7.0;
				ONLY_ACTIVE_ARCH = YES;
				SDKROOT = iphoneos;
			};
			name = Debug;
		};
		443C822B16F6A56900DE5D85 /* Release */ = {
			isa = XCBuildConfiguration;
			buildSettings = {
				ALWAYS_SEARCH_USER_PATHS = NO;
				CLANG_CXX_LANGUAGE_STANDARD = "gnu++0x";
				CLANG_CXX_LIBRARY = "libc++";
				CLANG_ENABLE_OBJC_ARC = YES;
				CLANG_WARN_CONSTANT_CONVERSION = YES;
				CLANG_WARN_EMPTY_BODY = YES;
				CLANG_WARN_ENUM_CONVERSION = YES;
				CLANG_WARN_INT_CONVERSION = YES;
				CLANG_WARN__DUPLICATE_METHOD_MATCH = YES;
				"CODE_SIGN_IDENTITY[sdk=iphoneos*]" = "iPhone Developer";
				COPY_PHASE_STRIP = YES;
				GCC_C_LANGUAGE_STANDARD = gnu99;
				GCC_WARN_ABOUT_RETURN_TYPE = YES;
				GCC_WARN_UNINITIALIZED_AUTOS = YES;
				GCC_WARN_UNUSED_VARIABLE = YES;
				IPHONEOS_DEPLOYMENT_TARGET = 7.0;
				OTHER_CFLAGS = "-DNS_BLOCK_ASSERTIONS=1";
				SDKROOT = iphoneos;
				VALIDATE_PRODUCT = YES;
			};
			name = Release;
		};
		443C822D16F6A56900DE5D85 /* Debug */ = {
			isa = XCBuildConfiguration;
			buildSettings = {
				CODE_SIGN_IDENTITY = "iPhone Developer: daozhao chen (7GY3KN87V5)";
				"CODE_SIGN_IDENTITY[sdk=iphoneos*]" = "iPhone Developer: daozhao chen (7GY3KN87V5)";
				FRAMEWORK_SEARCH_PATHS = (
					"$(inherited)",
					/Users/RichardMorena/Downloads/Bedazzle,
				);
				GCC_PRECOMPILE_PREFIX_HEADER = YES;
				GCC_PREFIX_HEADER = "4quareMenu/Bedazzle-Prefix.pch";
				INFOPLIST_FILE = "4quareMenu/Bedazzle-Info.plist";
				IPHONEOS_DEPLOYMENT_TARGET = 7.1;
				PRODUCT_NAME = Bedazzle;
				PROVISIONING_PROFILE = "5AF3B0E4-DACC-4F4A-A78B-28432DC6BC9D";
				"PROVISIONING_PROFILE[sdk=iphoneos*]" = "5AF3B0E4-DACC-4F4A-A78B-28432DC6BC9D";
				TARGETED_DEVICE_FAMILY = 1;
				WRAPPER_EXTENSION = app;
			};
			name = Debug;
		};
		443C822E16F6A56900DE5D85 /* Release */ = {
			isa = XCBuildConfiguration;
			buildSettings = {
				CODE_SIGN_IDENTITY = "iPhone Developer: daozhao chen (7GY3KN87V5)";
				"CODE_SIGN_IDENTITY[sdk=iphoneos*]" = "iPhone Developer: daozhao chen (7GY3KN87V5)";
				FRAMEWORK_SEARCH_PATHS = (
					"$(inherited)",
					/Users/RichardMorena/Downloads/Bedazzle,
				);
				"FRAMEWORK_SEARCH_PATHS[arch=*]" = (
					"$(inherited)",
					/Users/RichardMorena/Downloads/Bedazzle,
				);
				GCC_PRECOMPILE_PREFIX_HEADER = YES;
				GCC_PREFIX_HEADER = "4quareMenu/Bedazzle-Prefix.pch";
				INFOPLIST_FILE = "4quareMenu/Bedazzle-Info.plist";
				IPHONEOS_DEPLOYMENT_TARGET = 7.1;
				PRODUCT_NAME = Bedazzle;
				PROVISIONING_PROFILE = "5AF3B0E4-DACC-4F4A-A78B-28432DC6BC9D";
				"PROVISIONING_PROFILE[sdk=iphoneos*]" = "5AF3B0E4-DACC-4F4A-A78B-28432DC6BC9D";
				TARGETED_DEVICE_FAMILY = 1;
				WRAPPER_EXTENSION = app;
			};
			name = Release;
		};
		443C823016F6A56900DE5D85 /* Debug */ = {
			isa = XCBuildConfiguration;
			buildSettings = {
				BUNDLE_LOADER = "$(BUILT_PRODUCTS_DIR)/quare4Menu.app/quare4Menu";
				FRAMEWORK_SEARCH_PATHS = (
					"\"$(SDKROOT)/Developer/Library/Frameworks\"",
					"\"$(DEVELOPER_LIBRARY_DIR)/Frameworks\"",
				);
				GCC_PRECOMPILE_PREFIX_HEADER = YES;
				GCC_PREFIX_HEADER = "4quareMenu/4quareMenu-Prefix.pch";
				INFOPLIST_FILE = "4quareMenuTests/BedazzleTests-Info.plist";
				PRODUCT_NAME = BedazzleTests;
				TEST_HOST = "$(BUNDLE_LOADER)";
				WRAPPER_EXTENSION = octest;
			};
			name = Debug;
		};
		443C823116F6A56900DE5D85 /* Release */ = {
			isa = XCBuildConfiguration;
			buildSettings = {
				BUNDLE_LOADER = "$(BUILT_PRODUCTS_DIR)/quare4Menu.app/quare4Menu";
				FRAMEWORK_SEARCH_PATHS = (
					"\"$(SDKROOT)/Developer/Library/Frameworks\"",
					"\"$(DEVELOPER_LIBRARY_DIR)/Frameworks\"",
				);
				GCC_PRECOMPILE_PREFIX_HEADER = YES;
				GCC_PREFIX_HEADER = "4quareMenu/4quareMenu-Prefix.pch";
				INFOPLIST_FILE = "4quareMenuTests/BedazzleTests-Info.plist";
				PRODUCT_NAME = BedazzleTests;
				TEST_HOST = "$(BUNDLE_LOADER)";
				WRAPPER_EXTENSION = octest;
			};
			name = Release;
		};
/* End XCBuildConfiguration section */

/* Begin XCConfigurationList section */
		443C81F516F6A56800DE5D85 /* Build configuration list for PBXProject "Bedazzle" */ = {
			isa = XCConfigurationList;
			buildConfigurations = (
				443C822A16F6A56900DE5D85 /* Debug */,
				443C822B16F6A56900DE5D85 /* Release */,
			);
			defaultConfigurationIsVisible = 0;
			defaultConfigurationName = Release;
		};
		443C822C16F6A56900DE5D85 /* Build configuration list for PBXNativeTarget "Bedazzle" */ = {
			isa = XCConfigurationList;
			buildConfigurations = (
				443C822D16F6A56900DE5D85 /* Debug */,
				443C822E16F6A56900DE5D85 /* Release */,
			);
			defaultConfigurationIsVisible = 0;
			defaultConfigurationName = Release;
		};
		443C822F16F6A56900DE5D85 /* Build configuration list for PBXNativeTarget "BedazzleTests" */ = {
			isa = XCConfigurationList;
			buildConfigurations = (
				443C823016F6A56900DE5D85 /* Debug */,
				443C823116F6A56900DE5D85 /* Release */,
			);
			defaultConfigurationIsVisible = 0;
			defaultConfigurationName = Release;
		};
/* End XCConfigurationList section */
	};
	rootObject = 443C81F216F6A56800DE5D85 /* Project object */;
}
